// !$*UTF8*$!
{
	archiveVersion = 1;
	classes = {
	};
	objectVersion = 46;
	objects = {

/* Begin PBXBuildFile section */
		FC1126531E5A7D5200927D14 /* main.m in Sources */ = {isa = PBXBuildFile; fileRef = FC1126521E5A7D5200927D14 /* main.m */; };
		FC1126561E5A7D5200927D14 /* AppDelegate.m in Sources */ = {isa = PBXBuildFile; fileRef = FC1126551E5A7D5200927D14 /* AppDelegate.m */; };
		FC1126591E5A7D5200927D14 /* ViewController.m in Sources */ = {isa = PBXBuildFile; fileRef = FC1126581E5A7D5200927D14 /* ViewController.m */; };
		FC11265C1E5A7D5200927D14 /* Main.storyboard in Resources */ = {isa = PBXBuildFile; fileRef = FC11265A1E5A7D5200927D14 /* Main.storyboard */; };
		FC11265E1E5A7D5200927D14 /* Assets.xcassets in Resources */ = {isa = PBXBuildFile; fileRef = FC11265D1E5A7D5200927D14 /* Assets.xcassets */; };
		FC1126611E5A7D5200927D14 /* LaunchScreen.storyboard in Resources */ = {isa = PBXBuildFile; fileRef = FC11265F1E5A7D5200927D14 /* LaunchScreen.storyboard */; };
		FC11266C1E5A7D5200927D14 /* HelloWorldTests.m in Sources */ = {isa = PBXBuildFile; fileRef = FC11266B1E5A7D5200927D14 /* HelloWorldTests.m */; };
		FC1126771E5A7D5200927D14 /* HelloWorldUITests.m in Sources */ = {isa = PBXBuildFile; fileRef = FC1126761E5A7D5200927D14 /* HelloWorldUITests.m */; };
		FC11268F1E5A81F400927D14 /* UITableView+SDAutoTableViewCellHeight.m in Sources */ = {isa = PBXBuildFile; fileRef = FC11268C1E5A81F400927D14 /* UITableView+SDAutoTableViewCellHeight.m */; };
		FC1126901E5A81F400927D14 /* UIView+SDAutoLayout.m in Sources */ = {isa = PBXBuildFile; fileRef = FC11268E1E5A81F400927D14 /* UIView+SDAutoLayout.m */; };
		FC1126B41E5A824A00927D14 /* AFHTTPSessionManager.m in Sources */ = {isa = PBXBuildFile; fileRef = FC1126931E5A824A00927D14 /* AFHTTPSessionManager.m */; };
		FC1126B51E5A824A00927D14 /* AFNetworkReachabilityManager.m in Sources */ = {isa = PBXBuildFile; fileRef = FC1126961E5A824A00927D14 /* AFNetworkReachabilityManager.m */; };
		FC1126B61E5A824A00927D14 /* AFSecurityPolicy.m in Sources */ = {isa = PBXBuildFile; fileRef = FC1126981E5A824A00927D14 /* AFSecurityPolicy.m */; };
		FC1126B71E5A824A00927D14 /* AFURLRequestSerialization.m in Sources */ = {isa = PBXBuildFile; fileRef = FC11269A1E5A824A00927D14 /* AFURLRequestSerialization.m */; };
		FC1126B81E5A824A00927D14 /* AFURLResponseSerialization.m in Sources */ = {isa = PBXBuildFile; fileRef = FC11269C1E5A824A00927D14 /* AFURLResponseSerialization.m */; };
		FC1126B91E5A824A00927D14 /* AFURLSessionManager.m in Sources */ = {isa = PBXBuildFile; fileRef = FC11269E1E5A824A00927D14 /* AFURLSessionManager.m */; };
		FC1126BA1E5A824A00927D14 /* AFAutoPurgingImageCache.m in Sources */ = {isa = PBXBuildFile; fileRef = FC1126A11E5A824A00927D14 /* AFAutoPurgingImageCache.m */; };
		FC1126BB1E5A824A00927D14 /* AFImageDownloader.m in Sources */ = {isa = PBXBuildFile; fileRef = FC1126A31E5A824A00927D14 /* AFImageDownloader.m */; };
		FC1126BC1E5A824A00927D14 /* AFNetworkActivityIndicatorManager.m in Sources */ = {isa = PBXBuildFile; fileRef = FC1126A51E5A824A00927D14 /* AFNetworkActivityIndicatorManager.m */; };
		FC1126BD1E5A824A00927D14 /* UIActivityIndicatorView+AFNetworking.m in Sources */ = {isa = PBXBuildFile; fileRef = FC1126A71E5A824A00927D14 /* UIActivityIndicatorView+AFNetworking.m */; };
		FC1126BE1E5A824A00927D14 /* UIButton+AFNetworking.m in Sources */ = {isa = PBXBuildFile; fileRef = FC1126A91E5A824A00927D14 /* UIButton+AFNetworking.m */; };
		FC1126BF1E5A824A00927D14 /* UIImageView+AFNetworking.m in Sources */ = {isa = PBXBuildFile; fileRef = FC1126AC1E5A824A00927D14 /* UIImageView+AFNetworking.m */; };
		FC1126C01E5A824A00927D14 /* UIProgressView+AFNetworking.m in Sources */ = {isa = PBXBuildFile; fileRef = FC1126AF1E5A824A00927D14 /* UIProgressView+AFNetworking.m */; };
		FC1126C11E5A824A00927D14 /* UIRefreshControl+AFNetworking.m in Sources */ = {isa = PBXBuildFile; fileRef = FC1126B11E5A824A00927D14 /* UIRefreshControl+AFNetworking.m */; };
		FC1126C21E5A824A00927D14 /* UIWebView+AFNetworking.m in Sources */ = {isa = PBXBuildFile; fileRef = FC1126B31E5A824A00927D14 /* UIWebView+AFNetworking.m */; };
		FC1126C71E5A88E200927D14 /* MP3_playVC.m in Sources */ = {isa = PBXBuildFile; fileRef = FC1126C61E5A88E200927D14 /* MP3_playVC.m */; };
		FC1126CA1E5A890100927D14 /* iOSCodeVC.m in Sources */ = {isa = PBXBuildFile; fileRef = FC1126C91E5A890100927D14 /* iOSCodeVC.m */; };
		FC1126CD1E5A8DBF00927D14 /* iOSCodeVCDataSource.m in Sources */ = {isa = PBXBuildFile; fileRef = FC1126CC1E5A8DBF00927D14 /* iOSCodeVCDataSource.m */; };
/* End PBXBuildFile section */

/* Begin PBXContainerItemProxy section */
		FC1126681E5A7D5200927D14 /* PBXContainerItemProxy */ = {
			isa = PBXContainerItemProxy;
			containerPortal = FC1126461E5A7D5100927D14 /* Project object */;
			proxyType = 1;
			remoteGlobalIDString = FC11264D1E5A7D5100927D14;
			remoteInfo = HelloWorld;
		};
		FC1126731E5A7D5200927D14 /* PBXContainerItemProxy */ = {
			isa = PBXContainerItemProxy;
			containerPortal = FC1126461E5A7D5100927D14 /* Project object */;
			proxyType = 1;
			remoteGlobalIDString = FC11264D1E5A7D5100927D14;
			remoteInfo = HelloWorld;
		};
/* End PBXContainerItemProxy section */

/* Begin PBXFileReference section */
		FC11264E1E5A7D5200927D14 /* HelloWorld.app */ = {isa = PBXFileReference; explicitFileType = wrapper.application; includeInIndex = 0; path = HelloWorld.app; sourceTree = BUILT_PRODUCTS_DIR; };
		FC1126521E5A7D5200927D14 /* main.m */ = {isa = PBXFileReference; lastKnownFileType = sourcecode.c.objc; path = main.m; sourceTree = "<group>"; };
		FC1126541E5A7D5200927D14 /* AppDelegate.h */ = {isa = PBXFileReference; lastKnownFileType = sourcecode.c.h; path = AppDelegate.h; sourceTree = "<group>"; };
		FC1126551E5A7D5200927D14 /* AppDelegate.m */ = {isa = PBXFileReference; lastKnownFileType = sourcecode.c.objc; path = AppDelegate.m; sourceTree = "<group>"; };
		FC1126571E5A7D5200927D14 /* ViewController.h */ = {isa = PBXFileReference; lastKnownFileType = sourcecode.c.h; path = ViewController.h; sourceTree = "<group>"; };
		FC1126581E5A7D5200927D14 /* ViewController.m */ = {isa = PBXFileReference; lastKnownFileType = sourcecode.c.objc; path = ViewController.m; sourceTree = "<group>"; };
		FC11265B1E5A7D5200927D14 /* Base */ = {isa = PBXFileReference; lastKnownFileType = file.storyboard; name = Base; path = Base.lproj/Main.storyboard; sourceTree = "<group>"; };
		FC11265D1E5A7D5200927D14 /* Assets.xcassets */ = {isa = PBXFileReference; lastKnownFileType = folder.assetcatalog; path = Assets.xcassets; sourceTree = "<group>"; };
		FC1126601E5A7D5200927D14 /* Base */ = {isa = PBXFileReference; lastKnownFileType = file.storyboard; name = Base; path = Base.lproj/LaunchScreen.storyboard; sourceTree = "<group>"; };
		FC1126621E5A7D5200927D14 /* Info.plist */ = {isa = PBXFileReference; lastKnownFileType = text.plist.xml; path = Info.plist; sourceTree = "<group>"; };
		FC1126671E5A7D5200927D14 /* HelloWorldTests.xctest */ = {isa = PBXFileReference; explicitFileType = wrapper.cfbundle; includeInIndex = 0; path = HelloWorldTests.xctest; sourceTree = BUILT_PRODUCTS_DIR; };
		FC11266B1E5A7D5200927D14 /* HelloWorldTests.m */ = {isa = PBXFileReference; lastKnownFileType = sourcecode.c.objc; path = HelloWorldTests.m; sourceTree = "<group>"; };
		FC11266D1E5A7D5200927D14 /* Info.plist */ = {isa = PBXFileReference; lastKnownFileType = text.plist.xml; path = Info.plist; sourceTree = "<group>"; };
		FC1126721E5A7D5200927D14 /* HelloWorldUITests.xctest */ = {isa = PBXFileReference; explicitFileType = wrapper.cfbundle; includeInIndex = 0; path = HelloWorldUITests.xctest; sourceTree = BUILT_PRODUCTS_DIR; };
		FC1126761E5A7D5200927D14 /* HelloWorldUITests.m */ = {isa = PBXFileReference; lastKnownFileType = sourcecode.c.objc; path = HelloWorldUITests.m; sourceTree = "<group>"; };
		FC1126781E5A7D5200927D14 /* Info.plist */ = {isa = PBXFileReference; lastKnownFileType = text.plist.xml; path = Info.plist; sourceTree = "<group>"; };
		FC11268A1E5A81F400927D14 /* SDAutoLayout.h */ = {isa = PBXFileReference; fileEncoding = 4; lastKnownFileType = sourcecode.c.h; path = SDAutoLayout.h; sourceTree = "<group>"; };
		FC11268B1E5A81F400927D14 /* UITableView+SDAutoTableViewCellHeight.h */ = {isa = PBXFileReference; fileEncoding = 4; lastKnownFileType = sourcecode.c.h; path = "UITableView+SDAutoTableViewCellHeight.h"; sourceTree = "<group>"; };
		FC11268C1E5A81F400927D14 /* UITableView+SDAutoTableViewCellHeight.m */ = {isa = PBXFileReference; fileEncoding = 4; lastKnownFileType = sourcecode.c.objc; path = "UITableView+SDAutoTableViewCellHeight.m"; sourceTree = "<group>"; };
		FC11268D1E5A81F400927D14 /* UIView+SDAutoLayout.h */ = {isa = PBXFileReference; fileEncoding = 4; lastKnownFileType = sourcecode.c.h; path = "UIView+SDAutoLayout.h"; sourceTree = "<group>"; };
		FC11268E1E5A81F400927D14 /* UIView+SDAutoLayout.m */ = {isa = PBXFileReference; fileEncoding = 4; lastKnownFileType = sourcecode.c.objc; path = "UIView+SDAutoLayout.m"; sourceTree = "<group>"; };
		FC1126921E5A824A00927D14 /* AFHTTPSessionManager.h */ = {isa = PBXFileReference; fileEncoding = 4; lastKnownFileType = sourcecode.c.h; path = AFHTTPSessionManager.h; sourceTree = "<group>"; };
		FC1126931E5A824A00927D14 /* AFHTTPSessionManager.m */ = {isa = PBXFileReference; fileEncoding = 4; lastKnownFileType = sourcecode.c.objc; path = AFHTTPSessionManager.m; sourceTree = "<group>"; };
		FC1126941E5A824A00927D14 /* AFNetworking.h */ = {isa = PBXFileReference; fileEncoding = 4; lastKnownFileType = sourcecode.c.h; path = AFNetworking.h; sourceTree = "<group>"; };
		FC1126951E5A824A00927D14 /* AFNetworkReachabilityManager.h */ = {isa = PBXFileReference; fileEncoding = 4; lastKnownFileType = sourcecode.c.h; path = AFNetworkReachabilityManager.h; sourceTree = "<group>"; };
		FC1126961E5A824A00927D14 /* AFNetworkReachabilityManager.m */ = {isa = PBXFileReference; fileEncoding = 4; lastKnownFileType = sourcecode.c.objc; path = AFNetworkReachabilityManager.m; sourceTree = "<group>"; };
		FC1126971E5A824A00927D14 /* AFSecurityPolicy.h */ = {isa = PBXFileReference; fileEncoding = 4; lastKnownFileType = sourcecode.c.h; path = AFSecurityPolicy.h; sourceTree = "<group>"; };
		FC1126981E5A824A00927D14 /* AFSecurityPolicy.m */ = {isa = PBXFileReference; fileEncoding = 4; lastKnownFileType = sourcecode.c.objc; path = AFSecurityPolicy.m; sourceTree = "<group>"; };
		FC1126991E5A824A00927D14 /* AFURLRequestSerialization.h */ = {isa = PBXFileReference; fileEncoding = 4; lastKnownFileType = sourcecode.c.h; path = AFURLRequestSerialization.h; sourceTree = "<group>"; };
		FC11269A1E5A824A00927D14 /* AFURLRequestSerialization.m */ = {isa = PBXFileReference; fileEncoding = 4; lastKnownFileType = sourcecode.c.objc; path = AFURLRequestSerialization.m; sourceTree = "<group>"; };
		FC11269B1E5A824A00927D14 /* AFURLResponseSerialization.h */ = {isa = PBXFileReference; fileEncoding = 4; lastKnownFileType = sourcecode.c.h; path = AFURLResponseSerialization.h; sourceTree = "<group>"; };
		FC11269C1E5A824A00927D14 /* AFURLResponseSerialization.m */ = {isa = PBXFileReference; fileEncoding = 4; lastKnownFileType = sourcecode.c.objc; path = AFURLResponseSerialization.m; sourceTree = "<group>"; };
		FC11269D1E5A824A00927D14 /* AFURLSessionManager.h */ = {isa = PBXFileReference; fileEncoding = 4; lastKnownFileType = sourcecode.c.h; path = AFURLSessionManager.h; sourceTree = "<group>"; };
		FC11269E1E5A824A00927D14 /* AFURLSessionManager.m */ = {isa = PBXFileReference; fileEncoding = 4; lastKnownFileType = sourcecode.c.objc; path = AFURLSessionManager.m; sourceTree = "<group>"; };
		FC1126A01E5A824A00927D14 /* AFAutoPurgingImageCache.h */ = {isa = PBXFileReference; fileEncoding = 4; lastKnownFileType = sourcecode.c.h; path = AFAutoPurgingImageCache.h; sourceTree = "<group>"; };
		FC1126A11E5A824A00927D14 /* AFAutoPurgingImageCache.m */ = {isa = PBXFileReference; fileEncoding = 4; lastKnownFileType = sourcecode.c.objc; path = AFAutoPurgingImageCache.m; sourceTree = "<group>"; };
		FC1126A21E5A824A00927D14 /* AFImageDownloader.h */ = {isa = PBXFileReference; fileEncoding = 4; lastKnownFileType = sourcecode.c.h; path = AFImageDownloader.h; sourceTree = "<group>"; };
		FC1126A31E5A824A00927D14 /* AFImageDownloader.m */ = {isa = PBXFileReference; fileEncoding = 4; lastKnownFileType = sourcecode.c.objc; path = AFImageDownloader.m; sourceTree = "<group>"; };
		FC1126A41E5A824A00927D14 /* AFNetworkActivityIndicatorManager.h */ = {isa = PBXFileReference; fileEncoding = 4; lastKnownFileType = sourcecode.c.h; path = AFNetworkActivityIndicatorManager.h; sourceTree = "<group>"; };
		FC1126A51E5A824A00927D14 /* AFNetworkActivityIndicatorManager.m */ = {isa = PBXFileReference; fileEncoding = 4; lastKnownFileType = sourcecode.c.objc; path = AFNetworkActivityIndicatorManager.m; sourceTree = "<group>"; };
		FC1126A61E5A824A00927D14 /* UIActivityIndicatorView+AFNetworking.h */ = {isa = PBXFileReference; fileEncoding = 4; lastKnownFileType = sourcecode.c.h; path = "UIActivityIndicatorView+AFNetworking.h"; sourceTree = "<group>"; };
		FC1126A71E5A824A00927D14 /* UIActivityIndicatorView+AFNetworking.m */ = {isa = PBXFileReference; fileEncoding = 4; lastKnownFileType = sourcecode.c.objc; path = "UIActivityIndicatorView+AFNetworking.m"; sourceTree = "<group>"; };
		FC1126A81E5A824A00927D14 /* UIButton+AFNetworking.h */ = {isa = PBXFileReference; fileEncoding = 4; lastKnownFileType = sourcecode.c.h; path = "UIButton+AFNetworking.h"; sourceTree = "<group>"; };
		FC1126A91E5A824A00927D14 /* UIButton+AFNetworking.m */ = {isa = PBXFileReference; fileEncoding = 4; lastKnownFileType = sourcecode.c.objc; path = "UIButton+AFNetworking.m"; sourceTree = "<group>"; };
		FC1126AA1E5A824A00927D14 /* UIImage+AFNetworking.h */ = {isa = PBXFileReference; fileEncoding = 4; lastKnownFileType = sourcecode.c.h; path = "UIImage+AFNetworking.h"; sourceTree = "<group>"; };
		FC1126AB1E5A824A00927D14 /* UIImageView+AFNetworking.h */ = {isa = PBXFileReference; fileEncoding = 4; lastKnownFileType = sourcecode.c.h; path = "UIImageView+AFNetworking.h"; sourceTree = "<group>"; };
		FC1126AC1E5A824A00927D14 /* UIImageView+AFNetworking.m */ = {isa = PBXFileReference; fileEncoding = 4; lastKnownFileType = sourcecode.c.objc; path = "UIImageView+AFNetworking.m"; sourceTree = "<group>"; };
		FC1126AD1E5A824A00927D14 /* UIKit+AFNetworking.h */ = {isa = PBXFileReference; fileEncoding = 4; lastKnownFileType = sourcecode.c.h; path = "UIKit+AFNetworking.h"; sourceTree = "<group>"; };
		FC1126AE1E5A824A00927D14 /* UIProgressView+AFNetworking.h */ = {isa = PBXFileReference; fileEncoding = 4; lastKnownFileType = sourcecode.c.h; path = "UIProgressView+AFNetworking.h"; sourceTree = "<group>"; };
		FC1126AF1E5A824A00927D14 /* UIProgressView+AFNetworking.m */ = {isa = PBXFileReference; fileEncoding = 4; lastKnownFileType = sourcecode.c.objc; path = "UIProgressView+AFNetworking.m"; sourceTree = "<group>"; };
		FC1126B01E5A824A00927D14 /* UIRefreshControl+AFNetworking.h */ = {isa = PBXFileReference; fileEncoding = 4; lastKnownFileType = sourcecode.c.h; path = "UIRefreshControl+AFNetworking.h"; sourceTree = "<group>"; };
		FC1126B11E5A824A00927D14 /* UIRefreshControl+AFNetworking.m */ = {isa = PBXFileReference; fileEncoding = 4; lastKnownFileType = sourcecode.c.objc; path = "UIRefreshControl+AFNetworking.m"; sourceTree = "<group>"; };
		FC1126B21E5A824A00927D14 /* UIWebView+AFNetworking.h */ = {isa = PBXFileReference; fileEncoding = 4; lastKnownFileType = sourcecode.c.h; path = "UIWebView+AFNetworking.h"; sourceTree = "<group>"; };
		FC1126B31E5A824A00927D14 /* UIWebView+AFNetworking.m */ = {isa = PBXFileReference; fileEncoding = 4; lastKnownFileType = sourcecode.c.objc; path = "UIWebView+AFNetworking.m"; sourceTree = "<group>"; };
		FC1126C51E5A88E200927D14 /* MP3_playVC.h */ = {isa = PBXFileReference; fileEncoding = 4; lastKnownFileType = sourcecode.c.h; path = MP3_playVC.h; sourceTree = "<group>"; };
		FC1126C61E5A88E200927D14 /* MP3_playVC.m */ = {isa = PBXFileReference; fileEncoding = 4; lastKnownFileType = sourcecode.c.objc; path = MP3_playVC.m; sourceTree = "<group>"; };
		FC1126C81E5A890100927D14 /* iOSCodeVC.h */ = {isa = PBXFileReference; fileEncoding = 4; lastKnownFileType = sourcecode.c.h; path = iOSCodeVC.h; sourceTree = "<group>"; };
		FC1126C91E5A890100927D14 /* iOSCodeVC.m */ = {isa = PBXFileReference; fileEncoding = 4; lastKnownFileType = sourcecode.c.objc; path = iOSCodeVC.m; sourceTree = "<group>"; };
		FC1126CB1E5A8DBF00927D14 /* iOSCodeVCDataSource.h */ = {isa = PBXFileReference; fileEncoding = 4; lastKnownFileType = sourcecode.c.h; path = iOSCodeVCDataSource.h; sourceTree = "<group>"; };
		FC1126CC1E5A8DBF00927D14 /* iOSCodeVCDataSource.m */ = {isa = PBXFileReference; fileEncoding = 4; lastKnownFileType = sourcecode.c.objc; path = iOSCodeVCDataSource.m; sourceTree = "<group>"; };
/* End PBXFileReference section */

/* Begin PBXFrameworksBuildPhase section */
		FC11264B1E5A7D5100927D14 /* Frameworks */ = {
			isa = PBXFrameworksBuildPhase;
			buildActionMask = 2147483647;
			files = (
			);
			runOnlyForDeploymentPostprocessing = 0;
		};
		FC1126641E5A7D5200927D14 /* Frameworks */ = {
			isa = PBXFrameworksBuildPhase;
			buildActionMask = 2147483647;
			files = (
			);
			runOnlyForDeploymentPostprocessing = 0;
		};
		FC11266F1E5A7D5200927D14 /* Frameworks */ = {
			isa = PBXFrameworksBuildPhase;
			buildActionMask = 2147483647;
			files = (
			);
			runOnlyForDeploymentPostprocessing = 0;
		};
/* End PBXFrameworksBuildPhase section */

/* Begin PBXGroup section */
		FC1126451E5A7D5100927D14 = {
			isa = PBXGroup;
			children = (
				FC1126881E5A81C400927D14 /* UIKit */,
				FC1126861E5A81C400927D14 /* 网络 */,
				FC1126851E5A81C400927D14 /* 图像处理 */,
				FC1126871E5A81C400927D14 /* RunLoop */,
				FC1126C31E5A826D00927D14 /* 资源 */,
				FC1126841E5A81C400927D14 /* 3rdBag */,
				FC1126501E5A7D5200927D14 /* HelloWorld */,
				FC11266A1E5A7D5200927D14 /* HelloWorldTests */,
				FC1126751E5A7D5200927D14 /* HelloWorldUITests */,
				FC11264F1E5A7D5200927D14 /* Products */,
			);
			sourceTree = "<group>";
		};
		FC11264F1E5A7D5200927D14 /* Products */ = {
			isa = PBXGroup;
			children = (
				FC11264E1E5A7D5200927D14 /* HelloWorld.app */,
				FC1126671E5A7D5200927D14 /* HelloWorldTests.xctest */,
				FC1126721E5A7D5200927D14 /* HelloWorldUITests.xctest */,
			);
			name = Products;
			sourceTree = "<group>";
		};
		FC1126501E5A7D5200927D14 /* HelloWorld */ = {
			isa = PBXGroup;
			children = (
				FC1126541E5A7D5200927D14 /* AppDelegate.h */,
				FC1126551E5A7D5200927D14 /* AppDelegate.m */,
				FC1126571E5A7D5200927D14 /* ViewController.h */,
				FC1126581E5A7D5200927D14 /* ViewController.m */,
				FC11265A1E5A7D5200927D14 /* Main.storyboard */,
				FC11265D1E5A7D5200927D14 /* Assets.xcassets */,
				FC11265F1E5A7D5200927D14 /* LaunchScreen.storyboard */,
				FC1126621E5A7D5200927D14 /* Info.plist */,
				FC1126511E5A7D5200927D14 /* Supporting Files */,
			);
			path = HelloWorld;
			sourceTree = "<group>";
		};
		FC1126511E5A7D5200927D14 /* Supporting Files */ = {
			isa = PBXGroup;
			children = (
				FC1126521E5A7D5200927D14 /* main.m */,
			);
			name = "Supporting Files";
			sourceTree = "<group>";
		};
		FC11266A1E5A7D5200927D14 /* HelloWorldTests */ = {
			isa = PBXGroup;
			children = (
				FC11266B1E5A7D5200927D14 /* HelloWorldTests.m */,
				FC11266D1E5A7D5200927D14 /* Info.plist */,
			);
			path = HelloWorldTests;
			sourceTree = "<group>";
		};
		FC1126751E5A7D5200927D14 /* HelloWorldUITests */ = {
			isa = PBXGroup;
			children = (
				FC1126761E5A7D5200927D14 /* HelloWorldUITests.m */,
				FC1126781E5A7D5200927D14 /* Info.plist */,
			);
			path = HelloWorldUITests;
			sourceTree = "<group>";
		};
		FC1126841E5A81C400927D14 /* 3rdBag */ = {
			isa = PBXGroup;
			children = (
				FC1126911E5A824A00927D14 /* AFNetworking */,
				FC11269F1E5A824A00927D14 /* UIKit+AFNetworking */,
				FC1126891E5A81F400927D14 /* SDAutoLayout */,
			);
			path = 3rdBag;
			sourceTree = "<group>";
		};
		FC1126851E5A81C400927D14 /* 图像处理 */ = {
			isa = PBXGroup;
			children = (
			);
			path = "图像处理";
			sourceTree = "<group>";
		};
		FC1126861E5A81C400927D14 /* 网络 */ = {
			isa = PBXGroup;
			children = (
			);
			path = "网络";
			sourceTree = "<group>";
		};
		FC1126871E5A81C400927D14 /* RunLoop */ = {
			isa = PBXGroup;
			children = (
			);
			path = RunLoop;
			sourceTree = "<group>";
		};
		FC1126881E5A81C400927D14 /* UIKit */ = {
			isa = PBXGroup;
			children = (
				FC1126C81E5A890100927D14 /* iOSCodeVC.h */,
				FC1126C91E5A890100927D14 /* iOSCodeVC.m */,
				FC1126CB1E5A8DBF00927D14 /* iOSCodeVCDataSource.h */,
				FC1126CC1E5A8DBF00927D14 /* iOSCodeVCDataSource.m */,
				FC1126C41E5A888500927D14 /* 录音播音 */,
			);
			path = UIKit;
			sourceTree = "<group>";
		};
		FC1126891E5A81F400927D14 /* SDAutoLayout */ = {
			isa = PBXGroup;
			children = (
				FC11268A1E5A81F400927D14 /* SDAutoLayout.h */,
				FC11268B1E5A81F400927D14 /* UITableView+SDAutoTableViewCellHeight.h */,
				FC11268C1E5A81F400927D14 /* UITableView+SDAutoTableViewCellHeight.m */,
				FC11268D1E5A81F400927D14 /* UIView+SDAutoLayout.h */,
				FC11268E1E5A81F400927D14 /* UIView+SDAutoLayout.m */,
			);
			path = SDAutoLayout;
			sourceTree = "<group>";
		};
		FC1126911E5A824A00927D14 /* AFNetworking */ = {
			isa = PBXGroup;
			children = (
				FC1126921E5A824A00927D14 /* AFHTTPSessionManager.h */,
				FC1126931E5A824A00927D14 /* AFHTTPSessionManager.m */,
				FC1126941E5A824A00927D14 /* AFNetworking.h */,
				FC1126951E5A824A00927D14 /* AFNetworkReachabilityManager.h */,
				FC1126961E5A824A00927D14 /* AFNetworkReachabilityManager.m */,
				FC1126971E5A824A00927D14 /* AFSecurityPolicy.h */,
				FC1126981E5A824A00927D14 /* AFSecurityPolicy.m */,
				FC1126991E5A824A00927D14 /* AFURLRequestSerialization.h */,
				FC11269A1E5A824A00927D14 /* AFURLRequestSerialization.m */,
				FC11269B1E5A824A00927D14 /* AFURLResponseSerialization.h */,
				FC11269C1E5A824A00927D14 /* AFURLResponseSerialization.m */,
				FC11269D1E5A824A00927D14 /* AFURLSessionManager.h */,
				FC11269E1E5A824A00927D14 /* AFURLSessionManager.m */,
			);
			path = AFNetworking;
			sourceTree = "<group>";
		};
		FC11269F1E5A824A00927D14 /* UIKit+AFNetworking */ = {
			isa = PBXGroup;
			children = (
				FC1126A01E5A824A00927D14 /* AFAutoPurgingImageCache.h */,
				FC1126A11E5A824A00927D14 /* AFAutoPurgingImageCache.m */,
				FC1126A21E5A824A00927D14 /* AFImageDownloader.h */,
				FC1126A31E5A824A00927D14 /* AFImageDownloader.m */,
				FC1126A41E5A824A00927D14 /* AFNetworkActivityIndicatorManager.h */,
				FC1126A51E5A824A00927D14 /* AFNetworkActivityIndicatorManager.m */,
				FC1126A61E5A824A00927D14 /* UIActivityIndicatorView+AFNetworking.h */,
				FC1126A71E5A824A00927D14 /* UIActivityIndicatorView+AFNetworking.m */,
				FC1126A81E5A824A00927D14 /* UIButton+AFNetworking.h */,
				FC1126A91E5A824A00927D14 /* UIButton+AFNetworking.m */,
				FC1126AA1E5A824A00927D14 /* UIImage+AFNetworking.h */,
				FC1126AB1E5A824A00927D14 /* UIImageView+AFNetworking.h */,
				FC1126AC1E5A824A00927D14 /* UIImageView+AFNetworking.m */,
				FC1126AD1E5A824A00927D14 /* UIKit+AFNetworking.h */,
				FC1126AE1E5A824A00927D14 /* UIProgressView+AFNetworking.h */,
				FC1126AF1E5A824A00927D14 /* UIProgressView+AFNetworking.m */,
				FC1126B01E5A824A00927D14 /* UIRefreshControl+AFNetworking.h */,
				FC1126B11E5A824A00927D14 /* UIRefreshControl+AFNetworking.m */,
				FC1126B21E5A824A00927D14 /* UIWebView+AFNetworking.h */,
				FC1126B31E5A824A00927D14 /* UIWebView+AFNetworking.m */,
			);
			path = "UIKit+AFNetworking";
			sourceTree = "<group>";
		};
		FC1126C31E5A826D00927D14 /* 资源 */ = {
			isa = PBXGroup;
			children = (
			);
			path = "资源";
			sourceTree = "<group>";
		};
		FC1126C41E5A888500927D14 /* 录音播音 */ = {
			isa = PBXGroup;
			children = (
				FC1126C51E5A88E200927D14 /* MP3_playVC.h */,
				FC1126C61E5A88E200927D14 /* MP3_playVC.m */,
			);
			path = "录音播音";
			sourceTree = "<group>";
		};
/* End PBXGroup section */

/* Begin PBXNativeTarget section */
		FC11264D1E5A7D5100927D14 /* HelloWorld */ = {
			isa = PBXNativeTarget;
			buildConfigurationList = FC11267B1E5A7D5200927D14 /* Build configuration list for PBXNativeTarget "HelloWorld" */;
			buildPhases = (
				FC11264A1E5A7D5100927D14 /* Sources */,
				FC11264B1E5A7D5100927D14 /* Frameworks */,
				FC11264C1E5A7D5100927D14 /* Resources */,
			);
			buildRules = (
			);
			dependencies = (
			);
			name = HelloWorld;
			productName = HelloWorld;
			productReference = FC11264E1E5A7D5200927D14 /* HelloWorld.app */;
			productType = "com.apple.product-type.application";
		};
		FC1126661E5A7D5200927D14 /* HelloWorldTests */ = {
			isa = PBXNativeTarget;
			buildConfigurationList = FC11267E1E5A7D5200927D14 /* Build configuration list for PBXNativeTarget "HelloWorldTests" */;
			buildPhases = (
				FC1126631E5A7D5200927D14 /* Sources */,
				FC1126641E5A7D5200927D14 /* Frameworks */,
				FC1126651E5A7D5200927D14 /* Resources */,
			);
			buildRules = (
			);
			dependencies = (
				FC1126691E5A7D5200927D14 /* PBXTargetDependency */,
			);
			name = HelloWorldTests;
			productName = HelloWorldTests;
			productReference = FC1126671E5A7D5200927D14 /* HelloWorldTests.xctest */;
			productType = "com.apple.product-type.bundle.unit-test";
		};
		FC1126711E5A7D5200927D14 /* HelloWorldUITests */ = {
			isa = PBXNativeTarget;
			buildConfigurationList = FC1126811E5A7D5200927D14 /* Build configuration list for PBXNativeTarget "HelloWorldUITests" */;
			buildPhases = (
				FC11266E1E5A7D5200927D14 /* Sources */,
				FC11266F1E5A7D5200927D14 /* Frameworks */,
				FC1126701E5A7D5200927D14 /* Resources */,
			);
			buildRules = (
			);
			dependencies = (
				FC1126741E5A7D5200927D14 /* PBXTargetDependency */,
			);
			name = HelloWorldUITests;
			productName = HelloWorldUITests;
			productReference = FC1126721E5A7D5200927D14 /* HelloWorldUITests.xctest */;
			productType = "com.apple.product-type.bundle.ui-testing";
		};
/* End PBXNativeTarget section */

/* Begin PBXProject section */
		FC1126461E5A7D5100927D14 /* Project object */ = {
			isa = PBXProject;
			attributes = {
				LastUpgradeCheck = 0810;
				ORGANIZATIONNAME = "Ji Ling";
				TargetAttributes = {
					FC11264D1E5A7D5100927D14 = {
						CreatedOnToolsVersion = 8.1;
						DevelopmentTeam = XG6F2JN7GY;
						ProvisioningStyle = Automatic;
					};
					FC1126661E5A7D5200927D14 = {
						CreatedOnToolsVersion = 8.1;
						DevelopmentTeam = XG6F2JN7GY;
						ProvisioningStyle = Automatic;
						TestTargetID = FC11264D1E5A7D5100927D14;
					};
					FC1126711E5A7D5200927D14 = {
						CreatedOnToolsVersion = 8.1;
						DevelopmentTeam = XG6F2JN7GY;
						ProvisioningStyle = Automatic;
						TestTargetID = FC11264D1E5A7D5100927D14;
					};
				};
			};
			buildConfigurationList = FC1126491E5A7D5100927D14 /* Build configuration list for PBXProject "HelloWorld" */;
			compatibilityVersion = "Xcode 3.2";
			developmentRegion = English;
			hasScannedForEncodings = 0;
			knownRegions = (
				en,
				Base,
			);
			mainGroup = FC1126451E5A7D5100927D14;
			productRefGroup = FC11264F1E5A7D5200927D14 /* Products */;
			projectDirPath = "";
			projectRoot = "";
			targets = (
				FC11264D1E5A7D5100927D14 /* HelloWorld */,
				FC1126661E5A7D5200927D14 /* HelloWorldTests */,
				FC1126711E5A7D5200927D14 /* HelloWorldUITests */,
			);
		};
/* End PBXProject section */

/* Begin PBXResourcesBuildPhase section */
		FC11264C1E5A7D5100927D14 /* Resources */ = {
			isa = PBXResourcesBuildPhase;
			buildActionMask = 2147483647;
			files = (
				FC1126611E5A7D5200927D14 /* LaunchScreen.storyboard in Resources */,
				FC11265E1E5A7D5200927D14 /* Assets.xcassets in Resources */,
				FC11265C1E5A7D5200927D14 /* Main.storyboard in Resources */,
			);
			runOnlyForDeploymentPostprocessing = 0;
		};
		FC1126651E5A7D5200927D14 /* Resources */ = {
			isa = PBXResourcesBuildPhase;
			buildActionMask = 2147483647;
			files = (
			);
			runOnlyForDeploymentPostprocessing = 0;
		};
		FC1126701E5A7D5200927D14 /* Resources */ = {
			isa = PBXResourcesBuildPhase;
			buildActionMask = 2147483647;
			files = (
			);
			runOnlyForDeploymentPostprocessing = 0;
		};
/* End PBXResourcesBuildPhase section */

/* Begin PBXSourcesBuildPhase section */
		FC11264A1E5A7D5100927D14 /* Sources */ = {
			isa = PBXSourcesBuildPhase;
			buildActionMask = 2147483647;
			files = (
				FC1126B71E5A824A00927D14 /* AFURLRequestSerialization.m in Sources */,
				FC1126BF1E5A824A00927D14 /* UIImageView+AFNetworking.m in Sources */,
				FC1126591E5A7D5200927D14 /* ViewController.m in Sources */,
				FC1126561E5A7D5200927D14 /* AppDelegate.m in Sources */,
				FC1126C01E5A824A00927D14 /* UIProgressView+AFNetworking.m in Sources */,
				FC1126C71E5A88E200927D14 /* MP3_playVC.m in Sources */,
				FC1126BB1E5A824A00927D14 /* AFImageDownloader.m in Sources */,
				FC1126BA1E5A824A00927D14 /* AFAutoPurgingImageCache.m in Sources */,
				FC11268F1E5A81F400927D14 /* UITableView+SDAutoTableViewCellHeight.m in Sources */,
				FC1126CA1E5A890100927D14 /* iOSCodeVC.m in Sources */,
				FC1126BE1E5A824A00927D14 /* UIButton+AFNetworking.m in Sources */,
				FC1126BD1E5A824A00927D14 /* UIActivityIndicatorView+AFNetworking.m in Sources */,
				FC1126B91E5A824A00927D14 /* AFURLSessionManager.m in Sources */,
				FC1126C11E5A824A00927D14 /* UIRefreshControl+AFNetworking.m in Sources */,
				FC1126C21E5A824A00927D14 /* UIWebView+AFNetworking.m in Sources */,
				FC1126B81E5A824A00927D14 /* AFURLResponseSerialization.m in Sources */,
				FC1126B51E5A824A00927D14 /* AFNetworkReachabilityManager.m in Sources */,
				FC1126B61E5A824A00927D14 /* AFSecurityPolicy.m in Sources */,
				FC1126B41E5A824A00927D14 /* AFHTTPSessionManager.m in Sources */,
				FC1126531E5A7D5200927D14 /* main.m in Sources */,
				FC1126BC1E5A824A00927D14 /* AFNetworkActivityIndicatorManager.m in Sources */,
				FC1126901E5A81F400927D14 /* UIView+SDAutoLayout.m in Sources */,
				FC1126CD1E5A8DBF00927D14 /* iOSCodeVCDataSource.m in Sources */,
			);
			runOnlyForDeploymentPostprocessing = 0;
		};
		FC1126631E5A7D5200927D14 /* Sources */ = {
			isa = PBXSourcesBuildPhase;
			buildActionMask = 2147483647;
			files = (
				FC11266C1E5A7D5200927D14 /* HelloWorldTests.m in Sources */,
			);
			runOnlyForDeploymentPostprocessing = 0;
		};
		FC11266E1E5A7D5200927D14 /* Sources */ = {
			isa = PBXSourcesBuildPhase;
			buildActionMask = 2147483647;
			files = (
				FC1126771E5A7D5200927D14 /* HelloWorldUITests.m in Sources */,
			);
			runOnlyForDeploymentPostprocessing = 0;
		};
/* End PBXSourcesBuildPhase section */

/* Begin PBXTargetDependency section */
		FC1126691E5A7D5200927D14 /* PBXTargetDependency */ = {
			isa = PBXTargetDependency;
			target = FC11264D1E5A7D5100927D14 /* HelloWorld */;
			targetProxy = FC1126681E5A7D5200927D14 /* PBXContainerItemProxy */;
		};
		FC1126741E5A7D5200927D14 /* PBXTargetDependency */ = {
			isa = PBXTargetDependency;
			target = FC11264D1E5A7D5100927D14 /* HelloWorld */;
			targetProxy = FC1126731E5A7D5200927D14 /* PBXContainerItemProxy */;
		};
/* End PBXTargetDependency section */

/* Begin PBXVariantGroup section */
		FC11265A1E5A7D5200927D14 /* Main.storyboard */ = {
			isa = PBXVariantGroup;
			children = (
				FC11265B1E5A7D5200927D14 /* Base */,
			);
			name = Main.storyboard;
			sourceTree = "<group>";
		};
		FC11265F1E5A7D5200927D14 /* LaunchScreen.storyboard */ = {
			isa = PBXVariantGroup;
			children = (
				FC1126601E5A7D5200927D14 /* Base */,
			);
			name = LaunchScreen.storyboard;
			sourceTree = "<group>";
		};
/* End PBXVariantGroup section */

/* Begin XCBuildConfiguration section */
		FC1126791E5A7D5200927D14 /* Debug */ = {
			isa = XCBuildConfiguration;
			buildSettings = {
				ALWAYS_SEARCH_USER_PATHS = NO;
				CLANG_ANALYZER_NONNULL = YES;
				CLANG_CXX_LANGUAGE_STANDARD = "gnu++0x";
				CLANG_CXX_LIBRARY = "libc++";
				CLANG_ENABLE_MODULES = YES;
				CLANG_ENABLE_OBJC_ARC = YES;
				CLANG_WARN_BOOL_CONVERSION = YES;
				CLANG_WARN_CONSTANT_CONVERSION = YES;
				CLANG_WARN_DIRECT_OBJC_ISA_USAGE = YES_ERROR;
				CLANG_WARN_DOCUMENTATION_COMMENTS = YES;
				CLANG_WARN_EMPTY_BODY = YES;
				CLANG_WARN_ENUM_CONVERSION = YES;
				CLANG_WARN_INFINITE_RECURSION = YES;
				CLANG_WARN_INT_CONVERSION = YES;
				CLANG_WARN_OBJC_ROOT_CLASS = YES_ERROR;
				CLANG_WARN_SUSPICIOUS_MOVES = YES;
				CLANG_WARN_UNREACHABLE_CODE = YES;
				CLANG_WARN__DUPLICATE_METHOD_MATCH = YES;
				"CODE_SIGN_IDENTITY[sdk=iphoneos*]" = "iPhone Developer";
				COPY_PHASE_STRIP = NO;
				DEBUG_INFORMATION_FORMAT = dwarf;
				ENABLE_STRICT_OBJC_MSGSEND = YES;
				ENABLE_TESTABILITY = YES;
				GCC_C_LANGUAGE_STANDARD = gnu99;
				GCC_DYNAMIC_NO_PIC = NO;
				GCC_NO_COMMON_BLOCKS = YES;
				GCC_OPTIMIZATION_LEVEL = 0;
				GCC_PREPROCESSOR_DEFINITIONS = (
					"DEBUG=1",
					"$(inherited)",
				);
				GCC_WARN_64_TO_32_BIT_CONVERSION = YES;
				GCC_WARN_ABOUT_RETURN_TYPE = YES_ERROR;
				GCC_WARN_UNDECLARED_SELECTOR = YES;
				GCC_WARN_UNINITIALIZED_AUTOS = YES_AGGRESSIVE;
				GCC_WARN_UNUSED_FUNCTION = YES;
				GCC_WARN_UNUSED_VARIABLE = YES;
				IPHONEOS_DEPLOYMENT_TARGET = 10.1;
				MTL_ENABLE_DEBUG_INFO = YES;
				ONLY_ACTIVE_ARCH = YES;
				SDKROOT = iphoneos;
				TARGETED_DEVICE_FAMILY = "1,2";
			};
			name = Debug;
		};
		FC11267A1E5A7D5200927D14 /* Release */ = {
			isa = XCBuildConfiguration;
			buildSettings = {
				ALWAYS_SEARCH_USER_PATHS = NO;
				CLANG_ANALYZER_NONNULL = YES;
				CLANG_CXX_LANGUAGE_STANDARD = "gnu++0x";
				CLANG_CXX_LIBRARY = "libc++";
				CLANG_ENABLE_MODULES = YES;
				CLANG_ENABLE_OBJC_ARC = YES;
				CLANG_WARN_BOOL_CONVERSION = YES;
				CLANG_WARN_CONSTANT_CONVERSION = YES;
				CLANG_WARN_DIRECT_OBJC_ISA_USAGE = YES_ERROR;
				CLANG_WARN_DOCUMENTATION_COMMENTS = YES;
				CLANG_WARN_EMPTY_BODY = YES;
				CLANG_WARN_ENUM_CONVERSION = YES;
				CLANG_WARN_INFINITE_RECURSION = YES;
				CLANG_WARN_INT_CONVERSION = YES;
				CLANG_WARN_OBJC_ROOT_CLASS = YES_ERROR;
				CLANG_WARN_SUSPICIOUS_MOVES = YES;
				CLANG_WARN_UNREACHABLE_CODE = YES;
				CLANG_WARN__DUPLICATE_METHOD_MATCH = YES;
				"CODE_SIGN_IDENTITY[sdk=iphoneos*]" = "iPhone Developer";
				COPY_PHASE_STRIP = NO;
				DEBUG_INFORMATION_FORMAT = "dwarf-with-dsym";
				ENABLE_NS_ASSERTIONS = NO;
				ENABLE_STRICT_OBJC_MSGSEND = YES;
				GCC_C_LANGUAGE_STANDARD = gnu99;
				GCC_NO_COMMON_BLOCKS = YES;
				GCC_WARN_64_TO_32_BIT_CONVERSION = YES;
				GCC_WARN_ABOUT_RETURN_TYPE = YES_ERROR;
				GCC_WARN_UNDECLARED_SELECTOR = YES;
				GCC_WARN_UNINITIALIZED_AUTOS = YES_AGGRESSIVE;
				GCC_WARN_UNUSED_FUNCTION = YES;
				GCC_WARN_UNUSED_VARIABLE = YES;
				IPHONEOS_DEPLOYMENT_TARGET = 10.1;
				MTL_ENABLE_DEBUG_INFO = NO;
				SDKROOT = iphoneos;
				TARGETED_DEVICE_FAMILY = "1,2";
				VALIDATE_PRODUCT = YES;
			};
			name = Release;
		};
		FC11267C1E5A7D5200927D14 /* Debug */ = {
			isa = XCBuildConfiguration;
			buildSettings = {
				ASSETCATALOG_COMPILER_APPICON_NAME = AppIcon;
				DEVELOPMENT_TEAM = XG6F2JN7GY;
				INFOPLIST_FILE = HelloWorld/Info.plist;
				LD_RUNPATH_SEARCH_PATHS = "$(inherited) @executable_path/Frameworks";
				PRODUCT_BUNDLE_IDENTIFIER = Connect.HelloWorld;
				PRODUCT_NAME = "$(TARGET_NAME)";
			};
			name = Debug;
		};
		FC11267D1E5A7D5200927D14 /* Release */ = {
			isa = XCBuildConfiguration;
			buildSettings = {
				ASSETCATALOG_COMPILER_APPICON_NAME = AppIcon;
				DEVELOPMENT_TEAM = XG6F2JN7GY;
				INFOPLIST_FILE = HelloWorld/Info.plist;
				LD_RUNPATH_SEARCH_PATHS = "$(inherited) @executable_path/Frameworks";
				PRODUCT_BUNDLE_IDENTIFIER = Connect.HelloWorld;
				PRODUCT_NAME = "$(TARGET_NAME)";
			};
			name = Release;
		};
		FC11267F1E5A7D5200927D14 /* Debug */ = {
			isa = XCBuildConfiguration;
			buildSettings = {
				BUNDLE_LOADER = "$(TEST_HOST)";
				DEVELOPMENT_TEAM = XG6F2JN7GY;
				INFOPLIST_FILE = HelloWorldTests/Info.plist;
				LD_RUNPATH_SEARCH_PATHS = "$(inherited) @executable_path/Frameworks @loader_path/Frameworks";
				PRODUCT_BUNDLE_IDENTIFIER = Connect.HelloWorldTests;
				PRODUCT_NAME = "$(TARGET_NAME)";
				TEST_HOST = "$(BUILT_PRODUCTS_DIR)/HelloWorld.app/HelloWorld";
			};
			name = Debug;
		};
		FC1126801E5A7D5200927D14 /* Release */ = {
			isa = XCBuildConfiguration;
			buildSettings = {
				BUNDLE_LOADER = "$(TEST_HOST)";
				DEVELOPMENT_TEAM = XG6F2JN7GY;
				INFOPLIST_FILE = HelloWorldTests/Info.plist;
				LD_RUNPATH_SEARCH_PATHS = "$(inherited) @executable_path/Frameworks @loader_path/Frameworks";
				PRODUCT_BUNDLE_IDENTIFIER = Connect.HelloWorldTests;
				PRODUCT_NAME = "$(TARGET_NAME)";
				TEST_HOST = "$(BUILT_PRODUCTS_DIR)/HelloWorld.app/HelloWorld";
			};
			name = Release;
		};
		FC1126821E5A7D5200927D14 /* Debug */ = {
			isa = XCBuildConfiguration;
			buildSettings = {
				DEVELOPMENT_TEAM = XG6F2JN7GY;
				INFOPLIST_FILE = HelloWorldUITests/Info.plist;
				LD_RUNPATH_SEARCH_PATHS = "$(inherited) @executable_path/Frameworks @loader_path/Frameworks";
				PRODUCT_BUNDLE_IDENTIFIER = Connect.HelloWorldUITests;
				PRODUCT_NAME = "$(TARGET_NAME)";
				TEST_TARGET_NAME = HelloWorld;
			};
			name = Debug;
		};
		FC1126831E5A7D5200927D14 /* Release */ = {
			isa = XCBuildConfiguration;
			buildSettings = {
				DEVELOPMENT_TEAM = XG6F2JN7GY;
				INFOPLIST_FILE = HelloWorldUITests/Info.plist;
				LD_RUNPATH_SEARCH_PATHS = "$(inherited) @executable_path/Frameworks @loader_path/Frameworks";
				PRODUCT_BUNDLE_IDENTIFIER = Connect.HelloWorldUITests;
				PRODUCT_NAME = "$(TARGET_NAME)";
				TEST_TARGET_NAME = HelloWorld;
			};
			name = Release;
		};
/* End XCBuildConfiguration section */

/* Begin XCConfigurationList section */
		FC1126491E5A7D5100927D14 /* Build configuration list for PBXProject "HelloWorld" */ = {
			isa = XCConfigurationList;
			buildConfigurations = (
				FC1126791E5A7D5200927D14 /* Debug */,
				FC11267A1E5A7D5200927D14 /* Release */,
			);
			defaultConfigurationIsVisible = 0;
			defaultConfigurationName = Release;
		};
		FC11267B1E5A7D5200927D14 /* Build configuration list for PBXNativeTarget "HelloWorld" */ = {
			isa = XCConfigurationList;
			buildConfigurations = (
				FC11267C1E5A7D5200927D14 /* Debug */,
				FC11267D1E5A7D5200927D14 /* Release */,
			);
			defaultConfigurationIsVisible = 0;
			defaultConfigurationName = Release;
		};
		FC11267E1E5A7D5200927D14 /* Build configuration list for PBXNativeTarget "HelloWorldTests" */ = {
			isa = XCConfigurationList;
			buildConfigurations = (
				FC11267F1E5A7D5200927D14 /* Debug */,
				FC1126801E5A7D5200927D14 /* Release */,
			);
			defaultConfigurationIsVisible = 0;
			defaultConfigurationName = Release;
		};
		FC1126811E5A7D5200927D14 /* Build configuration list for PBXNativeTarget "HelloWorldUITests" */ = {
			isa = XCConfigurationList;
			buildConfigurations = (
				FC1126821E5A7D5200927D14 /* Debug */,
				FC1126831E5A7D5200927D14 /* Release */,
			);
			defaultConfigurationIsVisible = 0;
			defaultConfigurationName = Release;
		};
/* End XCConfigurationList section */
	};
	rootObject = FC1126461E5A7D5100927D14 /* Project object */;
}
