// !$*UTF8*$!
{
	archiveVersion = 1;
	classes = {
	};
	objectVersion = 46;
	objects = {

/* Begin PBXBuildFile section */
		321900781ED04790002A3D13 /* BtnTestViewController.m in Sources */ = {isa = PBXBuildFile; fileRef = 321900771ED04790002A3D13 /* BtnTestViewController.m */; };
		324C855C1ED1544A004974ED /* SlideControlViewController.m in Sources */ = {isa = PBXBuildFile; fileRef = 324C855B1ED1544A004974ED /* SlideControlViewController.m */; };
		324C855F1ED15510004974ED /* SlideControlView.m in Sources */ = {isa = PBXBuildFile; fileRef = 324C855E1ED15510004974ED /* SlideControlView.m */; };
		32F46E291EE2A5F000EA95EB /* QSTCSlideCtlView.m in Sources */ = {isa = PBXBuildFile; fileRef = 32F46E281EE2A5F000EA95EB /* QSTCSlideCtlView.m */; };
		FC1126531E5A7D5200927D14 /* main.m in Sources */ = {isa = PBXBuildFile; fileRef = FC1126521E5A7D5200927D14 /* main.m */; };
		FC1126561E5A7D5200927D14 /* AppDelegate.m in Sources */ = {isa = PBXBuildFile; fileRef = FC1126551E5A7D5200927D14 /* AppDelegate.m */; };
		FC1126591E5A7D5200927D14 /* ViewController.m in Sources */ = {isa = PBXBuildFile; fileRef = FC1126581E5A7D5200927D14 /* ViewController.m */; };
		FC11265C1E5A7D5200927D14 /* Main.storyboard in Resources */ = {isa = PBXBuildFile; fileRef = FC11265A1E5A7D5200927D14 /* Main.storyboard */; };
		FC11265E1E5A7D5200927D14 /* Assets.xcassets in Resources */ = {isa = PBXBuildFile; fileRef = FC11265D1E5A7D5200927D14 /* Assets.xcassets */; };
		FC1126611E5A7D5200927D14 /* LaunchScreen.storyboard in Resources */ = {isa = PBXBuildFile; fileRef = FC11265F1E5A7D5200927D14 /* LaunchScreen.storyboard */; };
		FC11266C1E5A7D5200927D14 /* HelloWorldTests.m in Sources */ = {isa = PBXBuildFile; fileRef = FC11266B1E5A7D5200927D14 /* HelloWorldTests.m */; };
		FC1126771E5A7D5200927D14 /* HelloWorldUITests.m in Sources */ = {isa = PBXBuildFile; fileRef = FC1126761E5A7D5200927D14 /* HelloWorldUITests.m */; };
		FC11268F1E5A81F400927D14 /* UITableView+SDAutoTableViewCellHeight.m in Sources */ = {isa = PBXBuildFile; fileRef = FC11268C1E5A81F400927D14 /* UITableView+SDAutoTableViewCellHeight.m */; };
		FC1126901E5A81F400927D14 /* UIView+SDAutoLayout.m in Sources */ = {isa = PBXBuildFile; fileRef = FC11268E1E5A81F400927D14 /* UIView+SDAutoLayout.m */; };
		FC1126B41E5A824A00927D14 /* AFHTTPSessionManager.m in Sources */ = {isa = PBXBuildFile; fileRef = FC1126931E5A824A00927D14 /* AFHTTPSessionManager.m */; };
		FC1126B51E5A824A00927D14 /* AFNetworkReachabilityManager.m in Sources */ = {isa = PBXBuildFile; fileRef = FC1126961E5A824A00927D14 /* AFNetworkReachabilityManager.m */; };
		FC1126B61E5A824A00927D14 /* AFSecurityPolicy.m in Sources */ = {isa = PBXBuildFile; fileRef = FC1126981E5A824A00927D14 /* AFSecurityPolicy.m */; };
		FC1126B71E5A824A00927D14 /* AFURLRequestSerialization.m in Sources */ = {isa = PBXBuildFile; fileRef = FC11269A1E5A824A00927D14 /* AFURLRequestSerialization.m */; };
		FC1126B81E5A824A00927D14 /* AFURLResponseSerialization.m in Sources */ = {isa = PBXBuildFile; fileRef = FC11269C1E5A824A00927D14 /* AFURLResponseSerialization.m */; };
		FC1126B91E5A824A00927D14 /* AFURLSessionManager.m in Sources */ = {isa = PBXBuildFile; fileRef = FC11269E1E5A824A00927D14 /* AFURLSessionManager.m */; };
		FC1126BA1E5A824A00927D14 /* AFAutoPurgingImageCache.m in Sources */ = {isa = PBXBuildFile; fileRef = FC1126A11E5A824A00927D14 /* AFAutoPurgingImageCache.m */; };
		FC1126BB1E5A824A00927D14 /* AFImageDownloader.m in Sources */ = {isa = PBXBuildFile; fileRef = FC1126A31E5A824A00927D14 /* AFImageDownloader.m */; };
		FC1126BC1E5A824A00927D14 /* AFNetworkActivityIndicatorManager.m in Sources */ = {isa = PBXBuildFile; fileRef = FC1126A51E5A824A00927D14 /* AFNetworkActivityIndicatorManager.m */; };
		FC1126BD1E5A824A00927D14 /* UIActivityIndicatorView+AFNetworking.m in Sources */ = {isa = PBXBuildFile; fileRef = FC1126A71E5A824A00927D14 /* UIActivityIndicatorView+AFNetworking.m */; };
		FC1126BE1E5A824A00927D14 /* UIButton+AFNetworking.m in Sources */ = {isa = PBXBuildFile; fileRef = FC1126A91E5A824A00927D14 /* UIButton+AFNetworking.m */; };
		FC1126BF1E5A824A00927D14 /* UIImageView+AFNetworking.m in Sources */ = {isa = PBXBuildFile; fileRef = FC1126AC1E5A824A00927D14 /* UIImageView+AFNetworking.m */; };
		FC1126C01E5A824A00927D14 /* UIProgressView+AFNetworking.m in Sources */ = {isa = PBXBuildFile; fileRef = FC1126AF1E5A824A00927D14 /* UIProgressView+AFNetworking.m */; };
		FC1126C11E5A824A00927D14 /* UIRefreshControl+AFNetworking.m in Sources */ = {isa = PBXBuildFile; fileRef = FC1126B11E5A824A00927D14 /* UIRefreshControl+AFNetworking.m */; };
		FC1126C21E5A824A00927D14 /* UIWebView+AFNetworking.m in Sources */ = {isa = PBXBuildFile; fileRef = FC1126B31E5A824A00927D14 /* UIWebView+AFNetworking.m */; };
		FC1126C71E5A88E200927D14 /* MP3_playVC.m in Sources */ = {isa = PBXBuildFile; fileRef = FC1126C61E5A88E200927D14 /* MP3_playVC.m */; };
		FC1126CA1E5A890100927D14 /* iOSCodeVC.m in Sources */ = {isa = PBXBuildFile; fileRef = FC1126C91E5A890100927D14 /* iOSCodeVC.m */; };
		FC1126CD1E5A8DBF00927D14 /* iOSCodeVCDataSource.m in Sources */ = {isa = PBXBuildFile; fileRef = FC1126CC1E5A8DBF00927D14 /* iOSCodeVCDataSource.m */; };
		FC1126CF1E5A961C00927D14 /* qingtian.mp3 in Resources */ = {isa = PBXBuildFile; fileRef = FC1126CE1E5A961C00927D14 /* qingtian.mp3 */; };
		FC1126D21E5A969300927D14 /* AVFoundation.framework in Frameworks */ = {isa = PBXBuildFile; fileRef = FC1126D11E5A969300927D14 /* AVFoundation.framework */; };
		FC1126D51E5A9F3500927D14 /* AVAudioRecorderVC.m in Sources */ = {isa = PBXBuildFile; fileRef = FC1126D41E5A9F3500927D14 /* AVAudioRecorderVC.m */; };
		FC1126E21E5AE67000927D14 /* lame.h in Frameworks */ = {isa = PBXBuildFile; fileRef = FC1126E01E5AE67000927D14 /* lame.h */; };
		FC1126E31E5AE67000927D14 /* libmp3lame.a in Frameworks */ = {isa = PBXBuildFile; fileRef = FC1126E11E5AE67000927D14 /* libmp3lame.a */; };
		FC1126E61E5AF10600927D14 /* WebVC.m in Sources */ = {isa = PBXBuildFile; fileRef = FC1126E51E5AF10600927D14 /* WebVC.m */; };
		FC1126E91E5AF13600927D14 /* WebVCDataSource.m in Sources */ = {isa = PBXBuildFile; fileRef = FC1126E81E5AF13600927D14 /* WebVCDataSource.m */; };
		FC1302411E6CFD050064B6AA /* HWSelectGoodVC.m in Sources */ = {isa = PBXBuildFile; fileRef = FC1302401E6CFD050064B6AA /* HWSelectGoodVC.m */; };
		FC1302471E6D680A0064B6AA /* HWGoodAttributesCell.m in Sources */ = {isa = PBXBuildFile; fileRef = FC1302461E6D680A0064B6AA /* HWGoodAttributesCell.m */; };
		FC36DCDA1E724CF800B3A4A2 /* HWvcLifeVC.m in Sources */ = {isa = PBXBuildFile; fileRef = FC36DCD91E724CF800B3A4A2 /* HWvcLifeVC.m */; };
		FC36DCDD1E72526700B3A4A2 /* HWvcLifeNaviVC.m in Sources */ = {isa = PBXBuildFile; fileRef = FC36DCDC1E72526700B3A4A2 /* HWvcLifeNaviVC.m */; };
		FC36DCE01E7253EB00B3A4A2 /* HWvcLifeNavi2Vc.m in Sources */ = {isa = PBXBuildFile; fileRef = FC36DCDF1E7253EB00B3A4A2 /* HWvcLifeNavi2Vc.m */; };
		FC36DCE31E7277E900B3A4A2 /* HWAnimationVC.m in Sources */ = {isa = PBXBuildFile; fileRef = FC36DCE21E7277E900B3A4A2 /* HWAnimationVC.m */; };
		FC36DCE71E727BFC00B3A4A2 /* HWBasicAnimationVc.m in Sources */ = {isa = PBXBuildFile; fileRef = FC36DCE61E727BFC00B3A4A2 /* HWBasicAnimationVc.m */; };
		FC3A6BA51E60288A00FD2891 /* HWArchiverVC.m in Sources */ = {isa = PBXBuildFile; fileRef = FC3A6BA41E60288A00FD2891 /* HWArchiverVC.m */; };
		FC3A6BA81E602BAA00FD2891 /* UserTest1.m in Sources */ = {isa = PBXBuildFile; fileRef = FC3A6BA71E602BAA00FD2891 /* UserTest1.m */; };
		FC3A6BAC1E6034A300FD2891 /* HWSqliteVC.m in Sources */ = {isa = PBXBuildFile; fileRef = FC3A6BAB1E6034A300FD2891 /* HWSqliteVC.m */; };
		FC3A6BAE1E60383F00FD2891 /* libsqlite3.0.tbd in Frameworks */ = {isa = PBXBuildFile; fileRef = FC3A6BAD1E60383F00FD2891 /* libsqlite3.0.tbd */; };
		FC46D9041E69363C006539C4 /* LJKJGoodClassManager.m in Sources */ = {isa = PBXBuildFile; fileRef = FC46D9031E69363C006539C4 /* LJKJGoodClassManager.m */; };
		FC4AE31B1E715619000F878F /* HWNotifyVC.m in Sources */ = {isa = PBXBuildFile; fileRef = FC4AE31A1E715619000F878F /* HWNotifyVC.m */; };
		FC54133B1E5E91D60061664A /* AudioUploadVC.m in Sources */ = {isa = PBXBuildFile; fileRef = FC54133A1E5E91D60061664A /* AudioUploadVC.m */; };
		FC54133F1E5EBAEF0061664A /* AudioDownloadVC.m in Sources */ = {isa = PBXBuildFile; fileRef = FC54133E1E5EBAEF0061664A /* AudioDownloadVC.m */; };
		FC5413461E5ED3240061664A /* HWDataVC.m in Sources */ = {isa = PBXBuildFile; fileRef = FC5413451E5ED3240061664A /* HWDataVC.m */; };
		FC54134E1E5EE0B90061664A /* HWCreatePlistDataVC.m in Sources */ = {isa = PBXBuildFile; fileRef = FC54134D1E5EE0B90061664A /* HWCreatePlistDataVC.m */; };
		FC5A65F61E6EA6BC0027B5C4 /* HWLayerLearnVC.m in Sources */ = {isa = PBXBuildFile; fileRef = FC5A65F51E6EA6BC0027B5C4 /* HWLayerLearnVC.m */; };
		FC6086B11E5BD73D003D4EE9 /* JSONVC.m in Sources */ = {isa = PBXBuildFile; fileRef = FC6086B01E5BD73D003D4EE9 /* JSONVC.m */; };
		FC6086B41E5BD7E3003D4EE9 /* ImageWebVC.m in Sources */ = {isa = PBXBuildFile; fileRef = FC6086B31E5BD7E3003D4EE9 /* ImageWebVC.m */; };
		FC6086B71E5BD845003D4EE9 /* AudioWebVC.m in Sources */ = {isa = PBXBuildFile; fileRef = FC6086B61E5BD845003D4EE9 /* AudioWebVC.m */; };
		FC6086BA1E5BD861003D4EE9 /* VideoWebVC.m in Sources */ = {isa = PBXBuildFile; fileRef = FC6086B91E5BD861003D4EE9 /* VideoWebVC.m */; };
		FC60EAF61E5D2B380062D12F /* ImageDownloadVC.m in Sources */ = {isa = PBXBuildFile; fileRef = FC60EAF51E5D2B380062D12F /* ImageDownloadVC.m */; };
		FC60EAF91E5D2B560062D12F /* ImageUploadVC.m in Sources */ = {isa = PBXBuildFile; fileRef = FC60EAF81E5D2B560062D12F /* ImageUploadVC.m */; };
		FC60EAFC1E5D2B7A0062D12F /* ImageCacheVC.m in Sources */ = {isa = PBXBuildFile; fileRef = FC60EAFB1E5D2B7A0062D12F /* ImageCacheVC.m */; };
		FC60EB401E5D6C9A0062D12F /* OneImageULVC.m in Sources */ = {isa = PBXBuildFile; fileRef = FC60EB3F1E5D6C9A0062D12F /* OneImageULVC.m */; };
		FC60EB431E5D6CB10062D12F /* MoreImagesULVC.m in Sources */ = {isa = PBXBuildFile; fileRef = FC60EB421E5D6CB10062D12F /* MoreImagesULVC.m */; };
		FC90EC2E1E6F985500735190 /* HWhttpsLearnVC.m in Sources */ = {isa = PBXBuildFile; fileRef = FC90EC2D1E6F985500735190 /* HWhttpsLearnVC.m */; };
		FC90EC321E6FB7C300735190 /* HWRunLoopMainVC.m in Sources */ = {isa = PBXBuildFile; fileRef = FC90EC311E6FB7C300735190 /* HWRunLoopMainVC.m */; };
		FC90EC351E6FD12F00735190 /* HWInheritVC.m in Sources */ = {isa = PBXBuildFile; fileRef = FC90EC341E6FD12F00735190 /* HWInheritVC.m */; };
		FC90EC381E6FD5EE00735190 /* HWTestInheritOC.m in Sources */ = {isa = PBXBuildFile; fileRef = FC90EC371E6FD5EE00735190 /* HWTestInheritOC.m */; };
		FC90EC3E1E6FD67A00735190 /* HWTestOC1.m in Sources */ = {isa = PBXBuildFile; fileRef = FC90EC3D1E6FD67A00735190 /* HWTestOC1.m */; };
/* End PBXBuildFile section */

/* Begin PBXContainerItemProxy section */
		FC1126681E5A7D5200927D14 /* PBXContainerItemProxy */ = {
			isa = PBXContainerItemProxy;
			containerPortal = FC1126461E5A7D5100927D14 /* Project object */;
			proxyType = 1;
			remoteGlobalIDString = FC11264D1E5A7D5100927D14;
			remoteInfo = HelloWorld;
		};
		FC1126731E5A7D5200927D14 /* PBXContainerItemProxy */ = {
			isa = PBXContainerItemProxy;
			containerPortal = FC1126461E5A7D5100927D14 /* Project object */;
			proxyType = 1;
			remoteGlobalIDString = FC11264D1E5A7D5100927D14;
			remoteInfo = HelloWorld;
		};
/* End PBXContainerItemProxy section */

/* Begin PBXFileReference section */
		321900761ED04790002A3D13 /* BtnTestViewController.h */ = {isa = PBXFileReference; fileEncoding = 4; lastKnownFileType = sourcecode.c.h; path = BtnTestViewController.h; sourceTree = "<group>"; };
		321900771ED04790002A3D13 /* BtnTestViewController.m */ = {isa = PBXFileReference; fileEncoding = 4; lastKnownFileType = sourcecode.c.objc; path = BtnTestViewController.m; sourceTree = "<group>"; };
		324C855A1ED1544A004974ED /* SlideControlViewController.h */ = {isa = PBXFileReference; fileEncoding = 4; lastKnownFileType = sourcecode.c.h; path = SlideControlViewController.h; sourceTree = "<group>"; };
		324C855B1ED1544A004974ED /* SlideControlViewController.m */ = {isa = PBXFileReference; fileEncoding = 4; lastKnownFileType = sourcecode.c.objc; path = SlideControlViewController.m; sourceTree = "<group>"; };
		324C855D1ED15510004974ED /* SlideControlView.h */ = {isa = PBXFileReference; fileEncoding = 4; lastKnownFileType = sourcecode.c.h; path = SlideControlView.h; sourceTree = "<group>"; };
		324C855E1ED15510004974ED /* SlideControlView.m */ = {isa = PBXFileReference; fileEncoding = 4; lastKnownFileType = sourcecode.c.objc; path = SlideControlView.m; sourceTree = "<group>"; };
		32F46E271EE2A5F000EA95EB /* QSTCSlideCtlView.h */ = {isa = PBXFileReference; fileEncoding = 4; lastKnownFileType = sourcecode.c.h; path = QSTCSlideCtlView.h; sourceTree = "<group>"; };
		32F46E281EE2A5F000EA95EB /* QSTCSlideCtlView.m */ = {isa = PBXFileReference; fileEncoding = 4; lastKnownFileType = sourcecode.c.objc; path = QSTCSlideCtlView.m; sourceTree = "<group>"; };
		FC11264E1E5A7D5200927D14 /* HelloWorld.app */ = {isa = PBXFileReference; explicitFileType = wrapper.application; includeInIndex = 0; path = HelloWorld.app; sourceTree = BUILT_PRODUCTS_DIR; };
		FC1126521E5A7D5200927D14 /* main.m */ = {isa = PBXFileReference; lastKnownFileType = sourcecode.c.objc; path = main.m; sourceTree = "<group>"; };
		FC1126541E5A7D5200927D14 /* AppDelegate.h */ = {isa = PBXFileReference; lastKnownFileType = sourcecode.c.h; path = AppDelegate.h; sourceTree = "<group>"; };
		FC1126551E5A7D5200927D14 /* AppDelegate.m */ = {isa = PBXFileReference; lastKnownFileType = sourcecode.c.objc; path = AppDelegate.m; sourceTree = "<group>"; };
		FC1126571E5A7D5200927D14 /* ViewController.h */ = {isa = PBXFileReference; lastKnownFileType = sourcecode.c.h; path = ViewController.h; sourceTree = "<group>"; };
		FC1126581E5A7D5200927D14 /* ViewController.m */ = {isa = PBXFileReference; lastKnownFileType = sourcecode.c.objc; path = ViewController.m; sourceTree = "<group>"; };
		FC11265B1E5A7D5200927D14 /* Base */ = {isa = PBXFileReference; lastKnownFileType = file.storyboard; name = Base; path = Base.lproj/Main.storyboard; sourceTree = "<group>"; };
		FC11265D1E5A7D5200927D14 /* Assets.xcassets */ = {isa = PBXFileReference; lastKnownFileType = folder.assetcatalog; path = Assets.xcassets; sourceTree = "<group>"; };
		FC1126601E5A7D5200927D14 /* Base */ = {isa = PBXFileReference; lastKnownFileType = file.storyboard; name = Base; path = Base.lproj/LaunchScreen.storyboard; sourceTree = "<group>"; };
		FC1126621E5A7D5200927D14 /* Info.plist */ = {isa = PBXFileReference; lastKnownFileType = text.plist.xml; path = Info.plist; sourceTree = "<group>"; };
		FC1126671E5A7D5200927D14 /* HelloWorldTests.xctest */ = {isa = PBXFileReference; explicitFileType = wrapper.cfbundle; includeInIndex = 0; path = HelloWorldTests.xctest; sourceTree = BUILT_PRODUCTS_DIR; };
		FC11266B1E5A7D5200927D14 /* HelloWorldTests.m */ = {isa = PBXFileReference; lastKnownFileType = sourcecode.c.objc; path = HelloWorldTests.m; sourceTree = "<group>"; };
		FC11266D1E5A7D5200927D14 /* Info.plist */ = {isa = PBXFileReference; lastKnownFileType = text.plist.xml; path = Info.plist; sourceTree = "<group>"; };
		FC1126721E5A7D5200927D14 /* HelloWorldUITests.xctest */ = {isa = PBXFileReference; explicitFileType = wrapper.cfbundle; includeInIndex = 0; path = HelloWorldUITests.xctest; sourceTree = BUILT_PRODUCTS_DIR; };
		FC1126761E5A7D5200927D14 /* HelloWorldUITests.m */ = {isa = PBXFileReference; lastKnownFileType = sourcecode.c.objc; path = HelloWorldUITests.m; sourceTree = "<group>"; };
		FC1126781E5A7D5200927D14 /* Info.plist */ = {isa = PBXFileReference; lastKnownFileType = text.plist.xml; path = Info.plist; sourceTree = "<group>"; };
		FC11268A1E5A81F400927D14 /* SDAutoLayout.h */ = {isa = PBXFileReference; fileEncoding = 4; lastKnownFileType = sourcecode.c.h; path = SDAutoLayout.h; sourceTree = "<group>"; };
		FC11268B1E5A81F400927D14 /* UITableView+SDAutoTableViewCellHeight.h */ = {isa = PBXFileReference; fileEncoding = 4; lastKnownFileType = sourcecode.c.h; path = "UITableView+SDAutoTableViewCellHeight.h"; sourceTree = "<group>"; };
		FC11268C1E5A81F400927D14 /* UITableView+SDAutoTableViewCellHeight.m */ = {isa = PBXFileReference; fileEncoding = 4; lastKnownFileType = sourcecode.c.objc; path = "UITableView+SDAutoTableViewCellHeight.m"; sourceTree = "<group>"; };
		FC11268D1E5A81F400927D14 /* UIView+SDAutoLayout.h */ = {isa = PBXFileReference; fileEncoding = 4; lastKnownFileType = sourcecode.c.h; path = "UIView+SDAutoLayout.h"; sourceTree = "<group>"; };
		FC11268E1E5A81F400927D14 /* UIView+SDAutoLayout.m */ = {isa = PBXFileReference; fileEncoding = 4; lastKnownFileType = sourcecode.c.objc; path = "UIView+SDAutoLayout.m"; sourceTree = "<group>"; };
		FC1126921E5A824A00927D14 /* AFHTTPSessionManager.h */ = {isa = PBXFileReference; fileEncoding = 4; lastKnownFileType = sourcecode.c.h; path = AFHTTPSessionManager.h; sourceTree = "<group>"; };
		FC1126931E5A824A00927D14 /* AFHTTPSessionManager.m */ = {isa = PBXFileReference; fileEncoding = 4; lastKnownFileType = sourcecode.c.objc; path = AFHTTPSessionManager.m; sourceTree = "<group>"; };
		FC1126941E5A824A00927D14 /* AFNetworking.h */ = {isa = PBXFileReference; fileEncoding = 4; lastKnownFileType = sourcecode.c.h; path = AFNetworking.h; sourceTree = "<group>"; };
		FC1126951E5A824A00927D14 /* AFNetworkReachabilityManager.h */ = {isa = PBXFileReference; fileEncoding = 4; lastKnownFileType = sourcecode.c.h; path = AFNetworkReachabilityManager.h; sourceTree = "<group>"; };
		FC1126961E5A824A00927D14 /* AFNetworkReachabilityManager.m */ = {isa = PBXFileReference; fileEncoding = 4; lastKnownFileType = sourcecode.c.objc; path = AFNetworkReachabilityManager.m; sourceTree = "<group>"; };
		FC1126971E5A824A00927D14 /* AFSecurityPolicy.h */ = {isa = PBXFileReference; fileEncoding = 4; lastKnownFileType = sourcecode.c.h; path = AFSecurityPolicy.h; sourceTree = "<group>"; };
		FC1126981E5A824A00927D14 /* AFSecurityPolicy.m */ = {isa = PBXFileReference; fileEncoding = 4; lastKnownFileType = sourcecode.c.objc; path = AFSecurityPolicy.m; sourceTree = "<group>"; };
		FC1126991E5A824A00927D14 /* AFURLRequestSerialization.h */ = {isa = PBXFileReference; fileEncoding = 4; lastKnownFileType = sourcecode.c.h; path = AFURLRequestSerialization.h; sourceTree = "<group>"; };
		FC11269A1E5A824A00927D14 /* AFURLRequestSerialization.m */ = {isa = PBXFileReference; fileEncoding = 4; lastKnownFileType = sourcecode.c.objc; path = AFURLRequestSerialization.m; sourceTree = "<group>"; };
		FC11269B1E5A824A00927D14 /* AFURLResponseSerialization.h */ = {isa = PBXFileReference; fileEncoding = 4; lastKnownFileType = sourcecode.c.h; path = AFURLResponseSerialization.h; sourceTree = "<group>"; };
		FC11269C1E5A824A00927D14 /* AFURLResponseSerialization.m */ = {isa = PBXFileReference; fileEncoding = 4; lastKnownFileType = sourcecode.c.objc; path = AFURLResponseSerialization.m; sourceTree = "<group>"; };
		FC11269D1E5A824A00927D14 /* AFURLSessionManager.h */ = {isa = PBXFileReference; fileEncoding = 4; lastKnownFileType = sourcecode.c.h; path = AFURLSessionManager.h; sourceTree = "<group>"; };
		FC11269E1E5A824A00927D14 /* AFURLSessionManager.m */ = {isa = PBXFileReference; fileEncoding = 4; lastKnownFileType = sourcecode.c.objc; path = AFURLSessionManager.m; sourceTree = "<group>"; };
		FC1126A01E5A824A00927D14 /* AFAutoPurgingImageCache.h */ = {isa = PBXFileReference; fileEncoding = 4; lastKnownFileType = sourcecode.c.h; path = AFAutoPurgingImageCache.h; sourceTree = "<group>"; };
		FC1126A11E5A824A00927D14 /* AFAutoPurgingImageCache.m */ = {isa = PBXFileReference; fileEncoding = 4; lastKnownFileType = sourcecode.c.objc; path = AFAutoPurgingImageCache.m; sourceTree = "<group>"; };
		FC1126A21E5A824A00927D14 /* AFImageDownloader.h */ = {isa = PBXFileReference; fileEncoding = 4; lastKnownFileType = sourcecode.c.h; path = AFImageDownloader.h; sourceTree = "<group>"; };
		FC1126A31E5A824A00927D14 /* AFImageDownloader.m */ = {isa = PBXFileReference; fileEncoding = 4; lastKnownFileType = sourcecode.c.objc; path = AFImageDownloader.m; sourceTree = "<group>"; };
		FC1126A41E5A824A00927D14 /* AFNetworkActivityIndicatorManager.h */ = {isa = PBXFileReference; fileEncoding = 4; lastKnownFileType = sourcecode.c.h; path = AFNetworkActivityIndicatorManager.h; sourceTree = "<group>"; };
		FC1126A51E5A824A00927D14 /* AFNetworkActivityIndicatorManager.m */ = {isa = PBXFileReference; fileEncoding = 4; lastKnownFileType = sourcecode.c.objc; path = AFNetworkActivityIndicatorManager.m; sourceTree = "<group>"; };
		FC1126A61E5A824A00927D14 /* UIActivityIndicatorView+AFNetworking.h */ = {isa = PBXFileReference; fileEncoding = 4; lastKnownFileType = sourcecode.c.h; path = "UIActivityIndicatorView+AFNetworking.h"; sourceTree = "<group>"; };
		FC1126A71E5A824A00927D14 /* UIActivityIndicatorView+AFNetworking.m */ = {isa = PBXFileReference; fileEncoding = 4; lastKnownFileType = sourcecode.c.objc; path = "UIActivityIndicatorView+AFNetworking.m"; sourceTree = "<group>"; };
		FC1126A81E5A824A00927D14 /* UIButton+AFNetworking.h */ = {isa = PBXFileReference; fileEncoding = 4; lastKnownFileType = sourcecode.c.h; path = "UIButton+AFNetworking.h"; sourceTree = "<group>"; };
		FC1126A91E5A824A00927D14 /* UIButton+AFNetworking.m */ = {isa = PBXFileReference; fileEncoding = 4; lastKnownFileType = sourcecode.c.objc; path = "UIButton+AFNetworking.m"; sourceTree = "<group>"; };
		FC1126AA1E5A824A00927D14 /* UIImage+AFNetworking.h */ = {isa = PBXFileReference; fileEncoding = 4; lastKnownFileType = sourcecode.c.h; path = "UIImage+AFNetworking.h"; sourceTree = "<group>"; };
		FC1126AB1E5A824A00927D14 /* UIImageView+AFNetworking.h */ = {isa = PBXFileReference; fileEncoding = 4; lastKnownFileType = sourcecode.c.h; path = "UIImageView+AFNetworking.h"; sourceTree = "<group>"; };
		FC1126AC1E5A824A00927D14 /* UIImageView+AFNetworking.m */ = {isa = PBXFileReference; fileEncoding = 4; lastKnownFileType = sourcecode.c.objc; path = "UIImageView+AFNetworking.m"; sourceTree = "<group>"; };
		FC1126AD1E5A824A00927D14 /* UIKit+AFNetworking.h */ = {isa = PBXFileReference; fileEncoding = 4; lastKnownFileType = sourcecode.c.h; path = "UIKit+AFNetworking.h"; sourceTree = "<group>"; };
		FC1126AE1E5A824A00927D14 /* UIProgressView+AFNetworking.h */ = {isa = PBXFileReference; fileEncoding = 4; lastKnownFileType = sourcecode.c.h; path = "UIProgressView+AFNetworking.h"; sourceTree = "<group>"; };
		FC1126AF1E5A824A00927D14 /* UIProgressView+AFNetworking.m */ = {isa = PBXFileReference; fileEncoding = 4; lastKnownFileType = sourcecode.c.objc; path = "UIProgressView+AFNetworking.m"; sourceTree = "<group>"; };
		FC1126B01E5A824A00927D14 /* UIRefreshControl+AFNetworking.h */ = {isa = PBXFileReference; fileEncoding = 4; lastKnownFileType = sourcecode.c.h; path = "UIRefreshControl+AFNetworking.h"; sourceTree = "<group>"; };
		FC1126B11E5A824A00927D14 /* UIRefreshControl+AFNetworking.m */ = {isa = PBXFileReference; fileEncoding = 4; lastKnownFileType = sourcecode.c.objc; path = "UIRefreshControl+AFNetworking.m"; sourceTree = "<group>"; };
		FC1126B21E5A824A00927D14 /* UIWebView+AFNetworking.h */ = {isa = PBXFileReference; fileEncoding = 4; lastKnownFileType = sourcecode.c.h; path = "UIWebView+AFNetworking.h"; sourceTree = "<group>"; };
		FC1126B31E5A824A00927D14 /* UIWebView+AFNetworking.m */ = {isa = PBXFileReference; fileEncoding = 4; lastKnownFileType = sourcecode.c.objc; path = "UIWebView+AFNetworking.m"; sourceTree = "<group>"; };
		FC1126C51E5A88E200927D14 /* MP3_playVC.h */ = {isa = PBXFileReference; fileEncoding = 4; lastKnownFileType = sourcecode.c.h; path = MP3_playVC.h; sourceTree = "<group>"; };
		FC1126C61E5A88E200927D14 /* MP3_playVC.m */ = {isa = PBXFileReference; fileEncoding = 4; lastKnownFileType = sourcecode.c.objc; path = MP3_playVC.m; sourceTree = "<group>"; };
		FC1126C81E5A890100927D14 /* iOSCodeVC.h */ = {isa = PBXFileReference; fileEncoding = 4; lastKnownFileType = sourcecode.c.h; path = iOSCodeVC.h; sourceTree = "<group>"; };
		FC1126C91E5A890100927D14 /* iOSCodeVC.m */ = {isa = PBXFileReference; fileEncoding = 4; lastKnownFileType = sourcecode.c.objc; path = iOSCodeVC.m; sourceTree = "<group>"; };
		FC1126CB1E5A8DBF00927D14 /* iOSCodeVCDataSource.h */ = {isa = PBXFileReference; fileEncoding = 4; lastKnownFileType = sourcecode.c.h; path = iOSCodeVCDataSource.h; sourceTree = "<group>"; };
		FC1126CC1E5A8DBF00927D14 /* iOSCodeVCDataSource.m */ = {isa = PBXFileReference; fileEncoding = 4; lastKnownFileType = sourcecode.c.objc; path = iOSCodeVCDataSource.m; sourceTree = "<group>"; };
		FC1126CE1E5A961C00927D14 /* qingtian.mp3 */ = {isa = PBXFileReference; lastKnownFileType = audio.mp3; path = qingtian.mp3; sourceTree = "<group>"; };
		FC1126D11E5A969300927D14 /* AVFoundation.framework */ = {isa = PBXFileReference; lastKnownFileType = wrapper.framework; name = AVFoundation.framework; path = System/Library/Frameworks/AVFoundation.framework; sourceTree = SDKROOT; };
		FC1126D31E5A9F3500927D14 /* AVAudioRecorderVC.h */ = {isa = PBXFileReference; fileEncoding = 4; lastKnownFileType = sourcecode.c.h; path = AVAudioRecorderVC.h; sourceTree = "<group>"; };
		FC1126D41E5A9F3500927D14 /* AVAudioRecorderVC.m */ = {isa = PBXFileReference; fileEncoding = 4; lastKnownFileType = sourcecode.c.objc; path = AVAudioRecorderVC.m; sourceTree = "<group>"; };
		FC1126E01E5AE67000927D14 /* lame.h */ = {isa = PBXFileReference; lastKnownFileType = sourcecode.c.h; path = lame.h; sourceTree = "<group>"; };
		FC1126E11E5AE67000927D14 /* libmp3lame.a */ = {isa = PBXFileReference; lastKnownFileType = archive.ar; path = libmp3lame.a; sourceTree = "<group>"; };
		FC1126E41E5AF10600927D14 /* WebVC.h */ = {isa = PBXFileReference; fileEncoding = 4; lastKnownFileType = sourcecode.c.h; path = WebVC.h; sourceTree = "<group>"; };
		FC1126E51E5AF10600927D14 /* WebVC.m */ = {isa = PBXFileReference; fileEncoding = 4; lastKnownFileType = sourcecode.c.objc; path = WebVC.m; sourceTree = "<group>"; };
		FC1126E71E5AF13600927D14 /* WebVCDataSource.h */ = {isa = PBXFileReference; fileEncoding = 4; lastKnownFileType = sourcecode.c.h; path = WebVCDataSource.h; sourceTree = "<group>"; };
		FC1126E81E5AF13600927D14 /* WebVCDataSource.m */ = {isa = PBXFileReference; fileEncoding = 4; lastKnownFileType = sourcecode.c.objc; path = WebVCDataSource.m; sourceTree = "<group>"; };
		FC13023F1E6CFD050064B6AA /* HWSelectGoodVC.h */ = {isa = PBXFileReference; fileEncoding = 4; lastKnownFileType = sourcecode.c.h; path = HWSelectGoodVC.h; sourceTree = "<group>"; };
		FC1302401E6CFD050064B6AA /* HWSelectGoodVC.m */ = {isa = PBXFileReference; fileEncoding = 4; lastKnownFileType = sourcecode.c.objc; path = HWSelectGoodVC.m; sourceTree = "<group>"; };
		FC1302451E6D680A0064B6AA /* HWGoodAttributesCell.h */ = {isa = PBXFileReference; fileEncoding = 4; lastKnownFileType = sourcecode.c.h; path = HWGoodAttributesCell.h; sourceTree = "<group>"; };
		FC1302461E6D680A0064B6AA /* HWGoodAttributesCell.m */ = {isa = PBXFileReference; fileEncoding = 4; lastKnownFileType = sourcecode.c.objc; path = HWGoodAttributesCell.m; sourceTree = "<group>"; };
		FC36DCD81E724CF800B3A4A2 /* HWvcLifeVC.h */ = {isa = PBXFileReference; fileEncoding = 4; lastKnownFileType = sourcecode.c.h; path = HWvcLifeVC.h; sourceTree = "<group>"; };
		FC36DCD91E724CF800B3A4A2 /* HWvcLifeVC.m */ = {isa = PBXFileReference; fileEncoding = 4; lastKnownFileType = sourcecode.c.objc; path = HWvcLifeVC.m; sourceTree = "<group>"; };
		FC36DCDB1E72526700B3A4A2 /* HWvcLifeNaviVC.h */ = {isa = PBXFileReference; fileEncoding = 4; lastKnownFileType = sourcecode.c.h; path = HWvcLifeNaviVC.h; sourceTree = "<group>"; };
		FC36DCDC1E72526700B3A4A2 /* HWvcLifeNaviVC.m */ = {isa = PBXFileReference; fileEncoding = 4; lastKnownFileType = sourcecode.c.objc; path = HWvcLifeNaviVC.m; sourceTree = "<group>"; };
		FC36DCDE1E7253EB00B3A4A2 /* HWvcLifeNavi2Vc.h */ = {isa = PBXFileReference; fileEncoding = 4; lastKnownFileType = sourcecode.c.h; path = HWvcLifeNavi2Vc.h; sourceTree = "<group>"; };
		FC36DCDF1E7253EB00B3A4A2 /* HWvcLifeNavi2Vc.m */ = {isa = PBXFileReference; fileEncoding = 4; lastKnownFileType = sourcecode.c.objc; path = HWvcLifeNavi2Vc.m; sourceTree = "<group>"; };
		FC36DCE11E7277E900B3A4A2 /* HWAnimationVC.h */ = {isa = PBXFileReference; fileEncoding = 4; lastKnownFileType = sourcecode.c.h; path = HWAnimationVC.h; sourceTree = "<group>"; };
		FC36DCE21E7277E900B3A4A2 /* HWAnimationVC.m */ = {isa = PBXFileReference; fileEncoding = 4; lastKnownFileType = sourcecode.c.objc; path = HWAnimationVC.m; sourceTree = "<group>"; };
		FC36DCE51E727BFC00B3A4A2 /* HWBasicAnimationVc.h */ = {isa = PBXFileReference; fileEncoding = 4; lastKnownFileType = sourcecode.c.h; path = HWBasicAnimationVc.h; sourceTree = "<group>"; };
		FC36DCE61E727BFC00B3A4A2 /* HWBasicAnimationVc.m */ = {isa = PBXFileReference; fileEncoding = 4; lastKnownFileType = sourcecode.c.objc; path = HWBasicAnimationVc.m; sourceTree = "<group>"; };
		FC3A6BA31E60288A00FD2891 /* HWArchiverVC.h */ = {isa = PBXFileReference; fileEncoding = 4; lastKnownFileType = sourcecode.c.h; path = HWArchiverVC.h; sourceTree = "<group>"; };
		FC3A6BA41E60288A00FD2891 /* HWArchiverVC.m */ = {isa = PBXFileReference; fileEncoding = 4; lastKnownFileType = sourcecode.c.objc; path = HWArchiverVC.m; sourceTree = "<group>"; };
		FC3A6BA61E602BAA00FD2891 /* UserTest1.h */ = {isa = PBXFileReference; fileEncoding = 4; lastKnownFileType = sourcecode.c.h; path = UserTest1.h; sourceTree = "<group>"; };
		FC3A6BA71E602BAA00FD2891 /* UserTest1.m */ = {isa = PBXFileReference; fileEncoding = 4; lastKnownFileType = sourcecode.c.objc; path = UserTest1.m; sourceTree = "<group>"; };
		FC3A6BAA1E6034A300FD2891 /* HWSqliteVC.h */ = {isa = PBXFileReference; fileEncoding = 4; lastKnownFileType = sourcecode.c.h; path = HWSqliteVC.h; sourceTree = "<group>"; };
		FC3A6BAB1E6034A300FD2891 /* HWSqliteVC.m */ = {isa = PBXFileReference; fileEncoding = 4; lastKnownFileType = sourcecode.c.objc; path = HWSqliteVC.m; sourceTree = "<group>"; };
		FC3A6BAD1E60383F00FD2891 /* libsqlite3.0.tbd */ = {isa = PBXFileReference; lastKnownFileType = "sourcecode.text-based-dylib-definition"; name = libsqlite3.0.tbd; path = usr/lib/libsqlite3.0.tbd; sourceTree = SDKROOT; };
		FC46D9021E69363C006539C4 /* LJKJGoodClassManager.h */ = {isa = PBXFileReference; fileEncoding = 4; lastKnownFileType = sourcecode.c.h; path = LJKJGoodClassManager.h; sourceTree = "<group>"; };
		FC46D9031E69363C006539C4 /* LJKJGoodClassManager.m */ = {isa = PBXFileReference; fileEncoding = 4; lastKnownFileType = sourcecode.c.objc; path = LJKJGoodClassManager.m; sourceTree = "<group>"; };
		FC4AE3171E714873000F878F /* PrefixHeader.pch */ = {isa = PBXFileReference; lastKnownFileType = sourcecode.c.h; path = PrefixHeader.pch; sourceTree = "<group>"; };
		FC4AE3191E715619000F878F /* HWNotifyVC.h */ = {isa = PBXFileReference; fileEncoding = 4; lastKnownFileType = sourcecode.c.h; path = HWNotifyVC.h; sourceTree = "<group>"; };
		FC4AE31A1E715619000F878F /* HWNotifyVC.m */ = {isa = PBXFileReference; fileEncoding = 4; lastKnownFileType = sourcecode.c.objc; path = HWNotifyVC.m; sourceTree = "<group>"; };
		FC5413391E5E91D60061664A /* AudioUploadVC.h */ = {isa = PBXFileReference; fileEncoding = 4; lastKnownFileType = sourcecode.c.h; path = AudioUploadVC.h; sourceTree = "<group>"; };
		FC54133A1E5E91D60061664A /* AudioUploadVC.m */ = {isa = PBXFileReference; fileEncoding = 4; lastKnownFileType = sourcecode.c.objc; path = AudioUploadVC.m; sourceTree = "<group>"; };
		FC54133D1E5EBAEF0061664A /* AudioDownloadVC.h */ = {isa = PBXFileReference; fileEncoding = 4; lastKnownFileType = sourcecode.c.h; path = AudioDownloadVC.h; sourceTree = "<group>"; };
		FC54133E1E5EBAEF0061664A /* AudioDownloadVC.m */ = {isa = PBXFileReference; fileEncoding = 4; lastKnownFileType = sourcecode.c.objc; path = AudioDownloadVC.m; sourceTree = "<group>"; };
		FC5413441E5ED3240061664A /* HWDataVC.h */ = {isa = PBXFileReference; fileEncoding = 4; lastKnownFileType = sourcecode.c.h; path = HWDataVC.h; sourceTree = "<group>"; };
		FC5413451E5ED3240061664A /* HWDataVC.m */ = {isa = PBXFileReference; fileEncoding = 4; lastKnownFileType = sourcecode.c.objc; path = HWDataVC.m; sourceTree = "<group>"; };
		FC54134C1E5EE0B90061664A /* HWCreatePlistDataVC.h */ = {isa = PBXFileReference; fileEncoding = 4; lastKnownFileType = sourcecode.c.h; path = HWCreatePlistDataVC.h; sourceTree = "<group>"; };
		FC54134D1E5EE0B90061664A /* HWCreatePlistDataVC.m */ = {isa = PBXFileReference; fileEncoding = 4; lastKnownFileType = sourcecode.c.objc; path = HWCreatePlistDataVC.m; sourceTree = "<group>"; };
		FC5A65F41E6EA6BC0027B5C4 /* HWLayerLearnVC.h */ = {isa = PBXFileReference; fileEncoding = 4; lastKnownFileType = sourcecode.c.h; path = HWLayerLearnVC.h; sourceTree = "<group>"; };
		FC5A65F51E6EA6BC0027B5C4 /* HWLayerLearnVC.m */ = {isa = PBXFileReference; fileEncoding = 4; lastKnownFileType = sourcecode.c.objc; path = HWLayerLearnVC.m; sourceTree = "<group>"; };
		FC6086AF1E5BD73D003D4EE9 /* JSONVC.h */ = {isa = PBXFileReference; fileEncoding = 4; lastKnownFileType = sourcecode.c.h; path = JSONVC.h; sourceTree = "<group>"; };
		FC6086B01E5BD73D003D4EE9 /* JSONVC.m */ = {isa = PBXFileReference; fileEncoding = 4; lastKnownFileType = sourcecode.c.objc; path = JSONVC.m; sourceTree = "<group>"; };
		FC6086B21E5BD7E3003D4EE9 /* ImageWebVC.h */ = {isa = PBXFileReference; fileEncoding = 4; lastKnownFileType = sourcecode.c.h; path = ImageWebVC.h; sourceTree = "<group>"; };
		FC6086B31E5BD7E3003D4EE9 /* ImageWebVC.m */ = {isa = PBXFileReference; fileEncoding = 4; lastKnownFileType = sourcecode.c.objc; path = ImageWebVC.m; sourceTree = "<group>"; };
		FC6086B51E5BD845003D4EE9 /* AudioWebVC.h */ = {isa = PBXFileReference; fileEncoding = 4; lastKnownFileType = sourcecode.c.h; path = AudioWebVC.h; sourceTree = "<group>"; };
		FC6086B61E5BD845003D4EE9 /* AudioWebVC.m */ = {isa = PBXFileReference; fileEncoding = 4; lastKnownFileType = sourcecode.c.objc; path = AudioWebVC.m; sourceTree = "<group>"; };
		FC6086B81E5BD861003D4EE9 /* VideoWebVC.h */ = {isa = PBXFileReference; fileEncoding = 4; lastKnownFileType = sourcecode.c.h; path = VideoWebVC.h; sourceTree = "<group>"; };
		FC6086B91E5BD861003D4EE9 /* VideoWebVC.m */ = {isa = PBXFileReference; fileEncoding = 4; lastKnownFileType = sourcecode.c.objc; path = VideoWebVC.m; sourceTree = "<group>"; };
		FC60EAF41E5D2B380062D12F /* ImageDownloadVC.h */ = {isa = PBXFileReference; fileEncoding = 4; lastKnownFileType = sourcecode.c.h; path = ImageDownloadVC.h; sourceTree = "<group>"; };
		FC60EAF51E5D2B380062D12F /* ImageDownloadVC.m */ = {isa = PBXFileReference; fileEncoding = 4; lastKnownFileType = sourcecode.c.objc; path = ImageDownloadVC.m; sourceTree = "<group>"; };
		FC60EAF71E5D2B560062D12F /* ImageUploadVC.h */ = {isa = PBXFileReference; fileEncoding = 4; lastKnownFileType = sourcecode.c.h; path = ImageUploadVC.h; sourceTree = "<group>"; };
		FC60EAF81E5D2B560062D12F /* ImageUploadVC.m */ = {isa = PBXFileReference; fileEncoding = 4; lastKnownFileType = sourcecode.c.objc; path = ImageUploadVC.m; sourceTree = "<group>"; };
		FC60EAFA1E5D2B7A0062D12F /* ImageCacheVC.h */ = {isa = PBXFileReference; fileEncoding = 4; lastKnownFileType = sourcecode.c.h; path = ImageCacheVC.h; sourceTree = "<group>"; };
		FC60EAFB1E5D2B7A0062D12F /* ImageCacheVC.m */ = {isa = PBXFileReference; fileEncoding = 4; lastKnownFileType = sourcecode.c.objc; path = ImageCacheVC.m; sourceTree = "<group>"; };
		FC60EB3E1E5D6C9A0062D12F /* OneImageULVC.h */ = {isa = PBXFileReference; fileEncoding = 4; lastKnownFileType = sourcecode.c.h; path = OneImageULVC.h; sourceTree = "<group>"; };
		FC60EB3F1E5D6C9A0062D12F /* OneImageULVC.m */ = {isa = PBXFileReference; fileEncoding = 4; lastKnownFileType = sourcecode.c.objc; path = OneImageULVC.m; sourceTree = "<group>"; };
		FC60EB411E5D6CB10062D12F /* MoreImagesULVC.h */ = {isa = PBXFileReference; fileEncoding = 4; lastKnownFileType = sourcecode.c.h; path = MoreImagesULVC.h; sourceTree = "<group>"; };
		FC60EB421E5D6CB10062D12F /* MoreImagesULVC.m */ = {isa = PBXFileReference; fileEncoding = 4; lastKnownFileType = sourcecode.c.objc; path = MoreImagesULVC.m; sourceTree = "<group>"; };
		FC90EC2C1E6F985500735190 /* HWhttpsLearnVC.h */ = {isa = PBXFileReference; fileEncoding = 4; lastKnownFileType = sourcecode.c.h; path = HWhttpsLearnVC.h; sourceTree = "<group>"; };
		FC90EC2D1E6F985500735190 /* HWhttpsLearnVC.m */ = {isa = PBXFileReference; fileEncoding = 4; lastKnownFileType = sourcecode.c.objc; path = HWhttpsLearnVC.m; sourceTree = "<group>"; };
		FC90EC301E6FB7C300735190 /* HWRunLoopMainVC.h */ = {isa = PBXFileReference; fileEncoding = 4; lastKnownFileType = sourcecode.c.h; path = HWRunLoopMainVC.h; sourceTree = "<group>"; };
		FC90EC311E6FB7C300735190 /* HWRunLoopMainVC.m */ = {isa = PBXFileReference; fileEncoding = 4; lastKnownFileType = sourcecode.c.objc; path = HWRunLoopMainVC.m; sourceTree = "<group>"; };
		FC90EC331E6FD12F00735190 /* HWInheritVC.h */ = {isa = PBXFileReference; fileEncoding = 4; lastKnownFileType = sourcecode.c.h; path = HWInheritVC.h; sourceTree = "<group>"; };
		FC90EC341E6FD12F00735190 /* HWInheritVC.m */ = {isa = PBXFileReference; fileEncoding = 4; lastKnownFileType = sourcecode.c.objc; path = HWInheritVC.m; sourceTree = "<group>"; };
		FC90EC361E6FD5EE00735190 /* HWTestInheritOC.h */ = {isa = PBXFileReference; fileEncoding = 4; lastKnownFileType = sourcecode.c.h; path = HWTestInheritOC.h; sourceTree = "<group>"; };
		FC90EC371E6FD5EE00735190 /* HWTestInheritOC.m */ = {isa = PBXFileReference; fileEncoding = 4; lastKnownFileType = sourcecode.c.objc; path = HWTestInheritOC.m; sourceTree = "<group>"; };
		FC90EC3C1E6FD67A00735190 /* HWTestOC1.h */ = {isa = PBXFileReference; fileEncoding = 4; lastKnownFileType = sourcecode.c.h; path = HWTestOC1.h; sourceTree = "<group>"; };
		FC90EC3D1E6FD67A00735190 /* HWTestOC1.m */ = {isa = PBXFileReference; fileEncoding = 4; lastKnownFileType = sourcecode.c.objc; path = HWTestOC1.m; sourceTree = "<group>"; };
/* End PBXFileReference section */

/* Begin PBXFrameworksBuildPhase section */
		FC11264B1E5A7D5100927D14 /* Frameworks */ = {
			isa = PBXFrameworksBuildPhase;
			buildActionMask = 2147483647;
			files = (
				FC3A6BAE1E60383F00FD2891 /* libsqlite3.0.tbd in Frameworks */,
				FC1126D21E5A969300927D14 /* AVFoundation.framework in Frameworks */,
				FC1126E21E5AE67000927D14 /* lame.h in Frameworks */,
				FC1126E31E5AE67000927D14 /* libmp3lame.a in Frameworks */,
			);
			runOnlyForDeploymentPostprocessing = 0;
		};
		FC1126641E5A7D5200927D14 /* Frameworks */ = {
			isa = PBXFrameworksBuildPhase;
			buildActionMask = 2147483647;
			files = (
			);
			runOnlyForDeploymentPostprocessing = 0;
		};
		FC11266F1E5A7D5200927D14 /* Frameworks */ = {
			isa = PBXFrameworksBuildPhase;
			buildActionMask = 2147483647;
			files = (
			);
			runOnlyForDeploymentPostprocessing = 0;
		};
/* End PBXFrameworksBuildPhase section */

/* Begin PBXGroup section */
		321900751ED0475A002A3D13 /* UIButton */ = {
			isa = PBXGroup;
			children = (
				321900761ED04790002A3D13 /* BtnTestViewController.h */,
				321900771ED04790002A3D13 /* BtnTestViewController.m */,
			);
			path = UIButton;
			sourceTree = "<group>";
		};
		324C85591ED15434004974ED /* UISlideControl */ = {
			isa = PBXGroup;
			children = (
				324C855A1ED1544A004974ED /* SlideControlViewController.h */,
				324C855B1ED1544A004974ED /* SlideControlViewController.m */,
				324C855D1ED15510004974ED /* SlideControlView.h */,
				324C855E1ED15510004974ED /* SlideControlView.m */,
				32F46E271EE2A5F000EA95EB /* QSTCSlideCtlView.h */,
				32F46E281EE2A5F000EA95EB /* QSTCSlideCtlView.m */,
			);
			path = UISlideControl;
			sourceTree = "<group>";
		};
		FC1126451E5A7D5100927D14 = {
			isa = PBXGroup;
			children = (
				FC5413401E5ECED40061664A /* 数据存储 */,
				FC1126881E5A81C400927D14 /* UIKit */,
				FC1126861E5A81C400927D14 /* 网络 */,
				FC1126851E5A81C400927D14 /* 图像处理 */,
				FC1126871E5A81C400927D14 /* RunLoop */,
				FC1126C31E5A826D00927D14 /* 资源 */,
				FC1126841E5A81C400927D14 /* 3rdBag */,
				FC1126501E5A7D5200927D14 /* HelloWorld */,
				FC11266A1E5A7D5200927D14 /* HelloWorldTests */,
				FC1126751E5A7D5200927D14 /* HelloWorldUITests */,
				FC11264F1E5A7D5200927D14 /* Products */,
				FC1126D01E5A969300927D14 /* Frameworks */,
			);
			sourceTree = "<group>";
		};
		FC11264F1E5A7D5200927D14 /* Products */ = {
			isa = PBXGroup;
			children = (
				FC11264E1E5A7D5200927D14 /* HelloWorld.app */,
				FC1126671E5A7D5200927D14 /* HelloWorldTests.xctest */,
				FC1126721E5A7D5200927D14 /* HelloWorldUITests.xctest */,
			);
			name = Products;
			sourceTree = "<group>";
		};
		FC1126501E5A7D5200927D14 /* HelloWorld */ = {
			isa = PBXGroup;
			children = (
				FC1126541E5A7D5200927D14 /* AppDelegate.h */,
				FC1126551E5A7D5200927D14 /* AppDelegate.m */,
				FC1126571E5A7D5200927D14 /* ViewController.h */,
				FC1126581E5A7D5200927D14 /* ViewController.m */,
				FC4AE3171E714873000F878F /* PrefixHeader.pch */,
				FC11265A1E5A7D5200927D14 /* Main.storyboard */,
				FC11265D1E5A7D5200927D14 /* Assets.xcassets */,
				FC11265F1E5A7D5200927D14 /* LaunchScreen.storyboard */,
				FC1126621E5A7D5200927D14 /* Info.plist */,
				FC1126511E5A7D5200927D14 /* Supporting Files */,
			);
			path = HelloWorld;
			sourceTree = "<group>";
		};
		FC1126511E5A7D5200927D14 /* Supporting Files */ = {
			isa = PBXGroup;
			children = (
				FC1126521E5A7D5200927D14 /* main.m */,
			);
			name = "Supporting Files";
			sourceTree = "<group>";
		};
		FC11266A1E5A7D5200927D14 /* HelloWorldTests */ = {
			isa = PBXGroup;
			children = (
				FC11266B1E5A7D5200927D14 /* HelloWorldTests.m */,
				FC11266D1E5A7D5200927D14 /* Info.plist */,
			);
			path = HelloWorldTests;
			sourceTree = "<group>";
		};
		FC1126751E5A7D5200927D14 /* HelloWorldUITests */ = {
			isa = PBXGroup;
			children = (
				FC1126761E5A7D5200927D14 /* HelloWorldUITests.m */,
				FC1126781E5A7D5200927D14 /* Info.plist */,
			);
			path = HelloWorldUITests;
			sourceTree = "<group>";
		};
		FC1126841E5A81C400927D14 /* 3rdBag */ = {
			isa = PBXGroup;
			children = (
				FC1126911E5A824A00927D14 /* AFNetworking */,
				FC11269F1E5A824A00927D14 /* UIKit+AFNetworking */,
				FC1126891E5A81F400927D14 /* SDAutoLayout */,
			);
			path = 3rdBag;
			sourceTree = "<group>";
		};
		FC1126851E5A81C400927D14 /* 图像处理 */ = {
			isa = PBXGroup;
			children = (
				FC5A65F41E6EA6BC0027B5C4 /* HWLayerLearnVC.h */,
				FC5A65F51E6EA6BC0027B5C4 /* HWLayerLearnVC.m */,
				FC5A65F31E6EA6650027B5C4 /* 动画 */,
			);
			path = "图像处理";
			sourceTree = "<group>";
		};
		FC1126861E5A81C400927D14 /* 网络 */ = {
			isa = PBXGroup;
			children = (
				FC1126E41E5AF10600927D14 /* WebVC.h */,
				FC1126E51E5AF10600927D14 /* WebVC.m */,
				FC1126E71E5AF13600927D14 /* WebVCDataSource.h */,
				FC1126E81E5AF13600927D14 /* WebVCDataSource.m */,
				FC90EC2B1E6F983D00735190 /* https */,
				FC1126ED1E5AF4E200927D14 /* json */,
				FC1126EA1E5AF4E200927D14 /* 图片 */,
				FC1126EC1E5AF4E200927D14 /* 音频 */,
				FC1126EB1E5AF4E200927D14 /* 视频 */,
			);
			path = "网络";
			sourceTree = "<group>";
		};
		FC1126871E5A81C400927D14 /* RunLoop */ = {
			isa = PBXGroup;
			children = (
				FC90EC301E6FB7C300735190 /* HWRunLoopMainVC.h */,
				FC90EC311E6FB7C300735190 /* HWRunLoopMainVC.m */,
				FC4AE3181E7155EC000F878F /* OC Notification */,
				FC90EC2F1E6FB7AF00735190 /* OC object */,
			);
			path = RunLoop;
			sourceTree = "<group>";
		};
		FC1126881E5A81C400927D14 /* UIKit */ = {
			isa = PBXGroup;
			children = (
				FC1126C81E5A890100927D14 /* iOSCodeVC.h */,
				FC1126C91E5A890100927D14 /* iOSCodeVC.m */,
				FC1126CB1E5A8DBF00927D14 /* iOSCodeVCDataSource.h */,
				FC1126CC1E5A8DBF00927D14 /* iOSCodeVCDataSource.m */,
				324C85591ED15434004974ED /* UISlideControl */,
				321900751ED0475A002A3D13 /* UIButton */,
				FC36DCD71E724CD100B3A4A2 /* VC生命周期 */,
				FC36DCD61E724CD100B3A4A2 /* VC生命周期+导航器 */,
				FC1126C41E5A888500927D14 /* 录音播音 */,
			);
			path = UIKit;
			sourceTree = "<group>";
		};
		FC1126891E5A81F400927D14 /* SDAutoLayout */ = {
			isa = PBXGroup;
			children = (
				FC11268A1E5A81F400927D14 /* SDAutoLayout.h */,
				FC11268B1E5A81F400927D14 /* UITableView+SDAutoTableViewCellHeight.h */,
				FC11268C1E5A81F400927D14 /* UITableView+SDAutoTableViewCellHeight.m */,
				FC11268D1E5A81F400927D14 /* UIView+SDAutoLayout.h */,
				FC11268E1E5A81F400927D14 /* UIView+SDAutoLayout.m */,
			);
			path = SDAutoLayout;
			sourceTree = "<group>";
		};
		FC1126911E5A824A00927D14 /* AFNetworking */ = {
			isa = PBXGroup;
			children = (
				FC1126921E5A824A00927D14 /* AFHTTPSessionManager.h */,
				FC1126931E5A824A00927D14 /* AFHTTPSessionManager.m */,
				FC1126941E5A824A00927D14 /* AFNetworking.h */,
				FC1126951E5A824A00927D14 /* AFNetworkReachabilityManager.h */,
				FC1126961E5A824A00927D14 /* AFNetworkReachabilityManager.m */,
				FC1126971E5A824A00927D14 /* AFSecurityPolicy.h */,
				FC1126981E5A824A00927D14 /* AFSecurityPolicy.m */,
				FC1126991E5A824A00927D14 /* AFURLRequestSerialization.h */,
				FC11269A1E5A824A00927D14 /* AFURLRequestSerialization.m */,
				FC11269B1E5A824A00927D14 /* AFURLResponseSerialization.h */,
				FC11269C1E5A824A00927D14 /* AFURLResponseSerialization.m */,
				FC11269D1E5A824A00927D14 /* AFURLSessionManager.h */,
				FC11269E1E5A824A00927D14 /* AFURLSessionManager.m */,
			);
			path = AFNetworking;
			sourceTree = "<group>";
		};
		FC11269F1E5A824A00927D14 /* UIKit+AFNetworking */ = {
			isa = PBXGroup;
			children = (
				FC1126A01E5A824A00927D14 /* AFAutoPurgingImageCache.h */,
				FC1126A11E5A824A00927D14 /* AFAutoPurgingImageCache.m */,
				FC1126A21E5A824A00927D14 /* AFImageDownloader.h */,
				FC1126A31E5A824A00927D14 /* AFImageDownloader.m */,
				FC1126A41E5A824A00927D14 /* AFNetworkActivityIndicatorManager.h */,
				FC1126A51E5A824A00927D14 /* AFNetworkActivityIndicatorManager.m */,
				FC1126A61E5A824A00927D14 /* UIActivityIndicatorView+AFNetworking.h */,
				FC1126A71E5A824A00927D14 /* UIActivityIndicatorView+AFNetworking.m */,
				FC1126A81E5A824A00927D14 /* UIButton+AFNetworking.h */,
				FC1126A91E5A824A00927D14 /* UIButton+AFNetworking.m */,
				FC1126AA1E5A824A00927D14 /* UIImage+AFNetworking.h */,
				FC1126AB1E5A824A00927D14 /* UIImageView+AFNetworking.h */,
				FC1126AC1E5A824A00927D14 /* UIImageView+AFNetworking.m */,
				FC1126AD1E5A824A00927D14 /* UIKit+AFNetworking.h */,
				FC1126AE1E5A824A00927D14 /* UIProgressView+AFNetworking.h */,
				FC1126AF1E5A824A00927D14 /* UIProgressView+AFNetworking.m */,
				FC1126B01E5A824A00927D14 /* UIRefreshControl+AFNetworking.h */,
				FC1126B11E5A824A00927D14 /* UIRefreshControl+AFNetworking.m */,
				FC1126B21E5A824A00927D14 /* UIWebView+AFNetworking.h */,
				FC1126B31E5A824A00927D14 /* UIWebView+AFNetworking.m */,
			);
			path = "UIKit+AFNetworking";
			sourceTree = "<group>";
		};
		FC1126C31E5A826D00927D14 /* 资源 */ = {
			isa = PBXGroup;
			children = (
				FC1126CE1E5A961C00927D14 /* qingtian.mp3 */,
			);
			path = "资源";
			sourceTree = "<group>";
		};
		FC1126C41E5A888500927D14 /* 录音播音 */ = {
			isa = PBXGroup;
			children = (
				FC1126C51E5A88E200927D14 /* MP3_playVC.h */,
				FC1126C61E5A88E200927D14 /* MP3_playVC.m */,
				FC1126D31E5A9F3500927D14 /* AVAudioRecorderVC.h */,
				FC1126D41E5A9F3500927D14 /* AVAudioRecorderVC.m */,
			);
			path = "录音播音";
			sourceTree = "<group>";
		};
		FC1126D01E5A969300927D14 /* Frameworks */ = {
			isa = PBXGroup;
			children = (
				FC3A6BAD1E60383F00FD2891 /* libsqlite3.0.tbd */,
				FC1126E01E5AE67000927D14 /* lame.h */,
				FC1126E11E5AE67000927D14 /* libmp3lame.a */,
				FC1126D11E5A969300927D14 /* AVFoundation.framework */,
			);
			name = Frameworks;
			sourceTree = "<group>";
		};
		FC1126EA1E5AF4E200927D14 /* 图片 */ = {
			isa = PBXGroup;
			children = (
				FC6086B21E5BD7E3003D4EE9 /* ImageWebVC.h */,
				FC6086B31E5BD7E3003D4EE9 /* ImageWebVC.m */,
				FC60EAF41E5D2B380062D12F /* ImageDownloadVC.h */,
				FC60EAF51E5D2B380062D12F /* ImageDownloadVC.m */,
				FC60EAF71E5D2B560062D12F /* ImageUploadVC.h */,
				FC60EAF81E5D2B560062D12F /* ImageUploadVC.m */,
				FC60EAFA1E5D2B7A0062D12F /* ImageCacheVC.h */,
				FC60EAFB1E5D2B7A0062D12F /* ImageCacheVC.m */,
				FC60EB3C1E5D6AD40062D12F /* 单张图片上传 */,
				FC60EB3D1E5D6AD40062D12F /* 多张图片分组上传 */,
			);
			path = "图片";
			sourceTree = "<group>";
		};
		FC1126EB1E5AF4E200927D14 /* 视频 */ = {
			isa = PBXGroup;
			children = (
				FC6086B81E5BD861003D4EE9 /* VideoWebVC.h */,
				FC6086B91E5BD861003D4EE9 /* VideoWebVC.m */,
			);
			path = "视频";
			sourceTree = "<group>";
		};
		FC1126EC1E5AF4E200927D14 /* 音频 */ = {
			isa = PBXGroup;
			children = (
				FC6086B51E5BD845003D4EE9 /* AudioWebVC.h */,
				FC6086B61E5BD845003D4EE9 /* AudioWebVC.m */,
				FC5413381E5E91BC0061664A /* 上传音频 */,
				FC54133C1E5EBACE0061664A /* 下载音频 */,
			);
			path = "音频";
			sourceTree = "<group>";
		};
		FC1126ED1E5AF4E200927D14 /* json */ = {
			isa = PBXGroup;
			children = (
				FC6086AF1E5BD73D003D4EE9 /* JSONVC.h */,
				FC6086B01E5BD73D003D4EE9 /* JSONVC.m */,
			);
			path = json;
			sourceTree = "<group>";
		};
		FC13023E1E6CF7E90064B6AA /* SQLite-商品属性选择 */ = {
			isa = PBXGroup;
			children = (
				FC13023F1E6CFD050064B6AA /* HWSelectGoodVC.h */,
				FC1302401E6CFD050064B6AA /* HWSelectGoodVC.m */,
				FC1302451E6D680A0064B6AA /* HWGoodAttributesCell.h */,
				FC1302461E6D680A0064B6AA /* HWGoodAttributesCell.m */,
			);
			path = "SQLite-商品属性选择";
			sourceTree = "<group>";
		};
		FC36DCD61E724CD100B3A4A2 /* VC生命周期+导航器 */ = {
			isa = PBXGroup;
			children = (
				FC36DCDB1E72526700B3A4A2 /* HWvcLifeNaviVC.h */,
				FC36DCDC1E72526700B3A4A2 /* HWvcLifeNaviVC.m */,
				FC36DCDE1E7253EB00B3A4A2 /* HWvcLifeNavi2Vc.h */,
				FC36DCDF1E7253EB00B3A4A2 /* HWvcLifeNavi2Vc.m */,
			);
			path = "VC生命周期+导航器";
			sourceTree = "<group>";
		};
		FC36DCD71E724CD100B3A4A2 /* VC生命周期 */ = {
			isa = PBXGroup;
			children = (
				FC36DCD81E724CF800B3A4A2 /* HWvcLifeVC.h */,
				FC36DCD91E724CF800B3A4A2 /* HWvcLifeVC.m */,
			);
			path = "VC生命周期";
			sourceTree = "<group>";
		};
		FC36DCE41E727B8E00B3A4A2 /* BasicAnimation */ = {
			isa = PBXGroup;
			children = (
				FC36DCE51E727BFC00B3A4A2 /* HWBasicAnimationVc.h */,
				FC36DCE61E727BFC00B3A4A2 /* HWBasicAnimationVc.m */,
			);
			path = BasicAnimation;
			sourceTree = "<group>";
		};
		FC3A6BA21E60287000FD2891 /* Archiver */ = {
			isa = PBXGroup;
			children = (
				FC3A6BA31E60288A00FD2891 /* HWArchiverVC.h */,
				FC3A6BA41E60288A00FD2891 /* HWArchiverVC.m */,
				FC3A6BA61E602BAA00FD2891 /* UserTest1.h */,
				FC3A6BA71E602BAA00FD2891 /* UserTest1.m */,
			);
			path = Archiver;
			sourceTree = "<group>";
		};
		FC3A6BA91E60347E00FD2891 /* SQLite3 */ = {
			isa = PBXGroup;
			children = (
				FC3A6BAA1E6034A300FD2891 /* HWSqliteVC.h */,
				FC3A6BAB1E6034A300FD2891 /* HWSqliteVC.m */,
				FC46D9021E69363C006539C4 /* LJKJGoodClassManager.h */,
				FC46D9031E69363C006539C4 /* LJKJGoodClassManager.m */,
			);
			path = SQLite3;
			sourceTree = "<group>";
		};
		FC4AE3181E7155EC000F878F /* OC Notification */ = {
			isa = PBXGroup;
			children = (
				FC4AE3191E715619000F878F /* HWNotifyVC.h */,
				FC4AE31A1E715619000F878F /* HWNotifyVC.m */,
			);
			name = "OC Notification";
			sourceTree = "<group>";
		};
		FC5413381E5E91BC0061664A /* 上传音频 */ = {
			isa = PBXGroup;
			children = (
				FC5413391E5E91D60061664A /* AudioUploadVC.h */,
				FC54133A1E5E91D60061664A /* AudioUploadVC.m */,
			);
			path = "上传音频";
			sourceTree = "<group>";
		};
		FC54133C1E5EBACE0061664A /* 下载音频 */ = {
			isa = PBXGroup;
			children = (
				FC54133D1E5EBAEF0061664A /* AudioDownloadVC.h */,
				FC54133E1E5EBAEF0061664A /* AudioDownloadVC.m */,
			);
			path = "下载音频";
			sourceTree = "<group>";
		};
		FC5413401E5ECED40061664A /* 数据存储 */ = {
			isa = PBXGroup;
			children = (
				FC5413441E5ED3240061664A /* HWDataVC.h */,
				FC5413451E5ED3240061664A /* HWDataVC.m */,
				FC13023E1E6CF7E90064B6AA /* SQLite-商品属性选择 */,
				FC3A6BA91E60347E00FD2891 /* SQLite3 */,
				FC3A6BA21E60287000FD2891 /* Archiver */,
				FC54134B1E5EE0B90061664A /* plist */,
			);
			path = "数据存储";
			sourceTree = "<group>";
		};
		FC54134B1E5EE0B90061664A /* plist */ = {
			isa = PBXGroup;
			children = (
				FC54134C1E5EE0B90061664A /* HWCreatePlistDataVC.h */,
				FC54134D1E5EE0B90061664A /* HWCreatePlistDataVC.m */,
			);
			path = plist;
			sourceTree = "<group>";
		};
		FC5A65F31E6EA6650027B5C4 /* 动画 */ = {
			isa = PBXGroup;
			children = (
				FC36DCE11E7277E900B3A4A2 /* HWAnimationVC.h */,
				FC36DCE21E7277E900B3A4A2 /* HWAnimationVC.m */,
				FC36DCE41E727B8E00B3A4A2 /* BasicAnimation */,
			);
			path = "动画";
			sourceTree = "<group>";
		};
		FC60EB3C1E5D6AD40062D12F /* 单张图片上传 */ = {
			isa = PBXGroup;
			children = (
				FC60EB3E1E5D6C9A0062D12F /* OneImageULVC.h */,
				FC60EB3F1E5D6C9A0062D12F /* OneImageULVC.m */,
			);
			path = "单张图片上传";
			sourceTree = "<group>";
		};
		FC60EB3D1E5D6AD40062D12F /* 多张图片分组上传 */ = {
			isa = PBXGroup;
			children = (
				FC60EB411E5D6CB10062D12F /* MoreImagesULVC.h */,
				FC60EB421E5D6CB10062D12F /* MoreImagesULVC.m */,
			);
			path = "多张图片分组上传";
			sourceTree = "<group>";
		};
		FC90EC2B1E6F983D00735190 /* https */ = {
			isa = PBXGroup;
			children = (
				FC90EC2C1E6F985500735190 /* HWhttpsLearnVC.h */,
				FC90EC2D1E6F985500735190 /* HWhttpsLearnVC.m */,
			);
			path = https;
			sourceTree = "<group>";
		};
		FC90EC2F1E6FB7AF00735190 /* OC object */ = {
			isa = PBXGroup;
			children = (
				FC90EC331E6FD12F00735190 /* HWInheritVC.h */,
				FC90EC341E6FD12F00735190 /* HWInheritVC.m */,
				FC90EC361E6FD5EE00735190 /* HWTestInheritOC.h */,
				FC90EC371E6FD5EE00735190 /* HWTestInheritOC.m */,
				FC90EC3C1E6FD67A00735190 /* HWTestOC1.h */,
				FC90EC3D1E6FD67A00735190 /* HWTestOC1.m */,
			);
			path = "OC object";
			sourceTree = "<group>";
		};
/* End PBXGroup section */

/* Begin PBXNativeTarget section */
		FC11264D1E5A7D5100927D14 /* HelloWorld */ = {
			isa = PBXNativeTarget;
			buildConfigurationList = FC11267B1E5A7D5200927D14 /* Build configuration list for PBXNativeTarget "HelloWorld" */;
			buildPhases = (
				FC11264A1E5A7D5100927D14 /* Sources */,
				FC11264B1E5A7D5100927D14 /* Frameworks */,
				FC11264C1E5A7D5100927D14 /* Resources */,
			);
			buildRules = (
			);
			dependencies = (
			);
			name = HelloWorld;
			productName = HelloWorld;
			productReference = FC11264E1E5A7D5200927D14 /* HelloWorld.app */;
			productType = "com.apple.product-type.application";
		};
		FC1126661E5A7D5200927D14 /* HelloWorldTests */ = {
			isa = PBXNativeTarget;
			buildConfigurationList = FC11267E1E5A7D5200927D14 /* Build configuration list for PBXNativeTarget "HelloWorldTests" */;
			buildPhases = (
				FC1126631E5A7D5200927D14 /* Sources */,
				FC1126641E5A7D5200927D14 /* Frameworks */,
				FC1126651E5A7D5200927D14 /* Resources */,
			);
			buildRules = (
			);
			dependencies = (
				FC1126691E5A7D5200927D14 /* PBXTargetDependency */,
			);
			name = HelloWorldTests;
			productName = HelloWorldTests;
			productReference = FC1126671E5A7D5200927D14 /* HelloWorldTests.xctest */;
			productType = "com.apple.product-type.bundle.unit-test";
		};
		FC1126711E5A7D5200927D14 /* HelloWorldUITests */ = {
			isa = PBXNativeTarget;
			buildConfigurationList = FC1126811E5A7D5200927D14 /* Build configuration list for PBXNativeTarget "HelloWorldUITests" */;
			buildPhases = (
				FC11266E1E5A7D5200927D14 /* Sources */,
				FC11266F1E5A7D5200927D14 /* Frameworks */,
				FC1126701E5A7D5200927D14 /* Resources */,
			);
			buildRules = (
			);
			dependencies = (
				FC1126741E5A7D5200927D14 /* PBXTargetDependency */,
			);
			name = HelloWorldUITests;
			productName = HelloWorldUITests;
			productReference = FC1126721E5A7D5200927D14 /* HelloWorldUITests.xctest */;
			productType = "com.apple.product-type.bundle.ui-testing";
		};
/* End PBXNativeTarget section */

/* Begin PBXProject section */
		FC1126461E5A7D5100927D14 /* Project object */ = {
			isa = PBXProject;
			attributes = {
				LastUpgradeCheck = 0810;
				ORGANIZATIONNAME = "Ji Ling";
				TargetAttributes = {
					FC11264D1E5A7D5100927D14 = {
						CreatedOnToolsVersion = 8.1;
						DevelopmentTeam = QK4DZM8X3G;
						ProvisioningStyle = Automatic;
					};
					FC1126661E5A7D5200927D14 = {
						CreatedOnToolsVersion = 8.1;
						DevelopmentTeam = XG6F2JN7GY;
						ProvisioningStyle = Automatic;
						TestTargetID = FC11264D1E5A7D5100927D14;
					};
					FC1126711E5A7D5200927D14 = {
						CreatedOnToolsVersion = 8.1;
						DevelopmentTeam = XG6F2JN7GY;
						ProvisioningStyle = Automatic;
						TestTargetID = FC11264D1E5A7D5100927D14;
					};
				};
			};
			buildConfigurationList = FC1126491E5A7D5100927D14 /* Build configuration list for PBXProject "HelloWorld" */;
			compatibilityVersion = "Xcode 3.2";
			developmentRegion = English;
			hasScannedForEncodings = 0;
			knownRegions = (
				en,
				Base,
			);
			mainGroup = FC1126451E5A7D5100927D14;
			productRefGroup = FC11264F1E5A7D5200927D14 /* Products */;
			projectDirPath = "";
			projectRoot = "";
			targets = (
				FC11264D1E5A7D5100927D14 /* HelloWorld */,
				FC1126661E5A7D5200927D14 /* HelloWorldTests */,
				FC1126711E5A7D5200927D14 /* HelloWorldUITests */,
			);
		};
/* End PBXProject section */

/* Begin PBXResourcesBuildPhase section */
		FC11264C1E5A7D5100927D14 /* Resources */ = {
			isa = PBXResourcesBuildPhase;
			buildActionMask = 2147483647;
			files = (
				FC1126611E5A7D5200927D14 /* LaunchScreen.storyboard in Resources */,
				FC1126CF1E5A961C00927D14 /* qingtian.mp3 in Resources */,
				FC11265E1E5A7D5200927D14 /* Assets.xcassets in Resources */,
				FC11265C1E5A7D5200927D14 /* Main.storyboard in Resources */,
			);
			runOnlyForDeploymentPostprocessing = 0;
		};
		FC1126651E5A7D5200927D14 /* Resources */ = {
			isa = PBXResourcesBuildPhase;
			buildActionMask = 2147483647;
			files = (
			);
			runOnlyForDeploymentPostprocessing = 0;
		};
		FC1126701E5A7D5200927D14 /* Resources */ = {
			isa = PBXResourcesBuildPhase;
			buildActionMask = 2147483647;
			files = (
			);
			runOnlyForDeploymentPostprocessing = 0;
		};
/* End PBXResourcesBuildPhase section */

/* Begin PBXSourcesBuildPhase section */
		FC11264A1E5A7D5100927D14 /* Sources */ = {
			isa = PBXSourcesBuildPhase;
			buildActionMask = 2147483647;
			files = (
				FC1126E91E5AF13600927D14 /* WebVCDataSource.m in Sources */,
				FC6086B41E5BD7E3003D4EE9 /* ImageWebVC.m in Sources */,
				FC60EAFC1E5D2B7A0062D12F /* ImageCacheVC.m in Sources */,
				FC1126B71E5A824A00927D14 /* AFURLRequestSerialization.m in Sources */,
				FC60EAF61E5D2B380062D12F /* ImageDownloadVC.m in Sources */,
				FC1126BF1E5A824A00927D14 /* UIImageView+AFNetworking.m in Sources */,
				FC54133B1E5E91D60061664A /* AudioUploadVC.m in Sources */,
				FC1126591E5A7D5200927D14 /* ViewController.m in Sources */,
				FC4AE31B1E715619000F878F /* HWNotifyVC.m in Sources */,
				FC90EC321E6FB7C300735190 /* HWRunLoopMainVC.m in Sources */,
				FC1126561E5A7D5200927D14 /* AppDelegate.m in Sources */,
				FC1126C01E5A824A00927D14 /* UIProgressView+AFNetworking.m in Sources */,
				FC90EC2E1E6F985500735190 /* HWhttpsLearnVC.m in Sources */,
				FC36DCE01E7253EB00B3A4A2 /* HWvcLifeNavi2Vc.m in Sources */,
				FC1126C71E5A88E200927D14 /* MP3_playVC.m in Sources */,
				FC1126BB1E5A824A00927D14 /* AFImageDownloader.m in Sources */,
				FC90EC381E6FD5EE00735190 /* HWTestInheritOC.m in Sources */,
				FC1126BA1E5A824A00927D14 /* AFAutoPurgingImageCache.m in Sources */,
				FC60EB431E5D6CB10062D12F /* MoreImagesULVC.m in Sources */,
				FC90EC351E6FD12F00735190 /* HWInheritVC.m in Sources */,
				FC60EAF91E5D2B560062D12F /* ImageUploadVC.m in Sources */,
				FC54133F1E5EBAEF0061664A /* AudioDownloadVC.m in Sources */,
				FC11268F1E5A81F400927D14 /* UITableView+SDAutoTableViewCellHeight.m in Sources */,
				FC1126CA1E5A890100927D14 /* iOSCodeVC.m in Sources */,
				FC5A65F61E6EA6BC0027B5C4 /* HWLayerLearnVC.m in Sources */,
				FC1126BE1E5A824A00927D14 /* UIButton+AFNetworking.m in Sources */,
				FC6086BA1E5BD861003D4EE9 /* VideoWebVC.m in Sources */,
				321900781ED04790002A3D13 /* BtnTestViewController.m in Sources */,
				FC1126BD1E5A824A00927D14 /* UIActivityIndicatorView+AFNetworking.m in Sources */,
				FC3A6BA81E602BAA00FD2891 /* UserTest1.m in Sources */,
				FC54134E1E5EE0B90061664A /* HWCreatePlistDataVC.m in Sources */,
				FC1126B91E5A824A00927D14 /* AFURLSessionManager.m in Sources */,
				FC1126C11E5A824A00927D14 /* UIRefreshControl+AFNetworking.m in Sources */,
				FC5413461E5ED3240061664A /* HWDataVC.m in Sources */,
				FC1126C21E5A824A00927D14 /* UIWebView+AFNetworking.m in Sources */,
				FC1126E61E5AF10600927D14 /* WebVC.m in Sources */,
				FC1302411E6CFD050064B6AA /* HWSelectGoodVC.m in Sources */,
				FC1126B81E5A824A00927D14 /* AFURLResponseSerialization.m in Sources */,
				FC46D9041E69363C006539C4 /* LJKJGoodClassManager.m in Sources */,
				FC36DCE71E727BFC00B3A4A2 /* HWBasicAnimationVc.m in Sources */,
				FC1126B51E5A824A00927D14 /* AFNetworkReachabilityManager.m in Sources */,
				FC36DCDD1E72526700B3A4A2 /* HWvcLifeNaviVC.m in Sources */,
				FC1126B61E5A824A00927D14 /* AFSecurityPolicy.m in Sources */,
				FC3A6BAC1E6034A300FD2891 /* HWSqliteVC.m in Sources */,
				FC1126B41E5A824A00927D14 /* AFHTTPSessionManager.m in Sources */,
				FC6086B11E5BD73D003D4EE9 /* JSONVC.m in Sources */,
				FC1302471E6D680A0064B6AA /* HWGoodAttributesCell.m in Sources */,
				FC1126531E5A7D5200927D14 /* main.m in Sources */,
				FC1126BC1E5A824A00927D14 /* AFNetworkActivityIndicatorManager.m in Sources */,
				FC1126901E5A81F400927D14 /* UIView+SDAutoLayout.m in Sources */,
				324C855C1ED1544A004974ED /* SlideControlViewController.m in Sources */,
				FC60EB401E5D6C9A0062D12F /* OneImageULVC.m in Sources */,
				FC1126D51E5A9F3500927D14 /* AVAudioRecorderVC.m in Sources */,
				FC36DCE31E7277E900B3A4A2 /* HWAnimationVC.m in Sources */,
				FC36DCDA1E724CF800B3A4A2 /* HWvcLifeVC.m in Sources */,
				32F46E291EE2A5F000EA95EB /* QSTCSlideCtlView.m in Sources */,
				FC3A6BA51E60288A00FD2891 /* HWArchiverVC.m in Sources */,
				FC90EC3E1E6FD67A00735190 /* HWTestOC1.m in Sources */,
				FC6086B71E5BD845003D4EE9 /* AudioWebVC.m in Sources */,
				324C855F1ED15510004974ED /* SlideControlView.m in Sources */,
				FC1126CD1E5A8DBF00927D14 /* iOSCodeVCDataSource.m in Sources */,
			);
			runOnlyForDeploymentPostprocessing = 0;
		};
		FC1126631E5A7D5200927D14 /* Sources */ = {
			isa = PBXSourcesBuildPhase;
			buildActionMask = 2147483647;
			files = (
				FC11266C1E5A7D5200927D14 /* HelloWorldTests.m in Sources */,
			);
			runOnlyForDeploymentPostprocessing = 0;
		};
		FC11266E1E5A7D5200927D14 /* Sources */ = {
			isa = PBXSourcesBuildPhase;
			buildActionMask = 2147483647;
			files = (
				FC1126771E5A7D5200927D14 /* HelloWorldUITests.m in Sources */,
			);
			runOnlyForDeploymentPostprocessing = 0;
		};
/* End PBXSourcesBuildPhase section */

/* Begin PBXTargetDependency section */
		FC1126691E5A7D5200927D14 /* PBXTargetDependency */ = {
			isa = PBXTargetDependency;
			target = FC11264D1E5A7D5100927D14 /* HelloWorld */;
			targetProxy = FC1126681E5A7D5200927D14 /* PBXContainerItemProxy */;
		};
		FC1126741E5A7D5200927D14 /* PBXTargetDependency */ = {
			isa = PBXTargetDependency;
			target = FC11264D1E5A7D5100927D14 /* HelloWorld */;
			targetProxy = FC1126731E5A7D5200927D14 /* PBXContainerItemProxy */;
		};
/* End PBXTargetDependency section */

/* Begin PBXVariantGroup section */
		FC11265A1E5A7D5200927D14 /* Main.storyboard */ = {
			isa = PBXVariantGroup;
			children = (
				FC11265B1E5A7D5200927D14 /* Base */,
			);
			name = Main.storyboard;
			sourceTree = "<group>";
		};
		FC11265F1E5A7D5200927D14 /* LaunchScreen.storyboard */ = {
			isa = PBXVariantGroup;
			children = (
				FC1126601E5A7D5200927D14 /* Base */,
			);
			name = LaunchScreen.storyboard;
			sourceTree = "<group>";
		};
/* End PBXVariantGroup section */

/* Begin XCBuildConfiguration section */
		FC1126791E5A7D5200927D14 /* Debug */ = {
			isa = XCBuildConfiguration;
			buildSettings = {
				ALWAYS_SEARCH_USER_PATHS = NO;
				CLANG_ANALYZER_NONNULL = YES;
				CLANG_CXX_LANGUAGE_STANDARD = "gnu++0x";
				CLANG_CXX_LIBRARY = "libc++";
				CLANG_ENABLE_MODULES = YES;
				CLANG_ENABLE_OBJC_ARC = YES;
				CLANG_WARN_BOOL_CONVERSION = YES;
				CLANG_WARN_CONSTANT_CONVERSION = YES;
				CLANG_WARN_DIRECT_OBJC_ISA_USAGE = YES_ERROR;
				CLANG_WARN_DOCUMENTATION_COMMENTS = YES;
				CLANG_WARN_EMPTY_BODY = YES;
				CLANG_WARN_ENUM_CONVERSION = YES;
				CLANG_WARN_INFINITE_RECURSION = YES;
				CLANG_WARN_INT_CONVERSION = YES;
				CLANG_WARN_OBJC_ROOT_CLASS = YES_ERROR;
				CLANG_WARN_SUSPICIOUS_MOVES = YES;
				CLANG_WARN_UNREACHABLE_CODE = YES;
				CLANG_WARN__DUPLICATE_METHOD_MATCH = YES;
				"CODE_SIGN_IDENTITY[sdk=iphoneos*]" = "iPhone Developer";
				COPY_PHASE_STRIP = NO;
				DEBUG_INFORMATION_FORMAT = dwarf;
				ENABLE_STRICT_OBJC_MSGSEND = YES;
				ENABLE_TESTABILITY = YES;
				GCC_C_LANGUAGE_STANDARD = gnu99;
				GCC_DYNAMIC_NO_PIC = NO;
				GCC_NO_COMMON_BLOCKS = YES;
				GCC_OPTIMIZATION_LEVEL = 0;
				GCC_PREPROCESSOR_DEFINITIONS = (
					"DEBUG=1",
					"$(inherited)",
				);
				GCC_WARN_64_TO_32_BIT_CONVERSION = YES;
				GCC_WARN_ABOUT_RETURN_TYPE = YES_ERROR;
				GCC_WARN_UNDECLARED_SELECTOR = YES;
				GCC_WARN_UNINITIALIZED_AUTOS = YES_AGGRESSIVE;
				GCC_WARN_UNUSED_FUNCTION = YES;
				GCC_WARN_UNUSED_VARIABLE = YES;
				IPHONEOS_DEPLOYMENT_TARGET = 10.1;
				MTL_ENABLE_DEBUG_INFO = YES;
				ONLY_ACTIVE_ARCH = YES;
				SDKROOT = iphoneos;
				TARGETED_DEVICE_FAMILY = "1,2";
			};
			name = Debug;
		};
		FC11267A1E5A7D5200927D14 /* Release */ = {
			isa = XCBuildConfiguration;
			buildSettings = {
				ALWAYS_SEARCH_USER_PATHS = NO;
				CLANG_ANALYZER_NONNULL = YES;
				CLANG_CXX_LANGUAGE_STANDARD = "gnu++0x";
				CLANG_CXX_LIBRARY = "libc++";
				CLANG_ENABLE_MODULES = YES;
				CLANG_ENABLE_OBJC_ARC = YES;
				CLANG_WARN_BOOL_CONVERSION = YES;
				CLANG_WARN_CONSTANT_CONVERSION = YES;
				CLANG_WARN_DIRECT_OBJC_ISA_USAGE = YES_ERROR;
				CLANG_WARN_DOCUMENTATION_COMMENTS = YES;
				CLANG_WARN_EMPTY_BODY = YES;
				CLANG_WARN_ENUM_CONVERSION = YES;
				CLANG_WARN_INFINITE_RECURSION = YES;
				CLANG_WARN_INT_CONVERSION = YES;
				CLANG_WARN_OBJC_ROOT_CLASS = YES_ERROR;
				CLANG_WARN_SUSPICIOUS_MOVES = YES;
				CLANG_WARN_UNREACHABLE_CODE = YES;
				CLANG_WARN__DUPLICATE_METHOD_MATCH = YES;
				"CODE_SIGN_IDENTITY[sdk=iphoneos*]" = "iPhone Developer";
				COPY_PHASE_STRIP = NO;
				DEBUG_INFORMATION_FORMAT = "dwarf-with-dsym";
				ENABLE_NS_ASSERTIONS = NO;
				ENABLE_STRICT_OBJC_MSGSEND = YES;
				GCC_C_LANGUAGE_STANDARD = gnu99;
				GCC_NO_COMMON_BLOCKS = YES;
				GCC_WARN_64_TO_32_BIT_CONVERSION = YES;
				GCC_WARN_ABOUT_RETURN_TYPE = YES_ERROR;
				GCC_WARN_UNDECLARED_SELECTOR = YES;
				GCC_WARN_UNINITIALIZED_AUTOS = YES_AGGRESSIVE;
				GCC_WARN_UNUSED_FUNCTION = YES;
				GCC_WARN_UNUSED_VARIABLE = YES;
				IPHONEOS_DEPLOYMENT_TARGET = 10.1;
				MTL_ENABLE_DEBUG_INFO = NO;
				SDKROOT = iphoneos;
				TARGETED_DEVICE_FAMILY = "1,2";
				VALIDATE_PRODUCT = YES;
			};
			name = Release;
		};
		FC11267C1E5A7D5200927D14 /* Debug */ = {
			isa = XCBuildConfiguration;
			buildSettings = {
				ASSETCATALOG_COMPILER_APPICON_NAME = AppIcon;
				DEVELOPMENT_TEAM = QK4DZM8X3G;
				ENABLE_BITCODE = NO;
				GCC_PRECOMPILE_PREFIX_HEADER = YES;
				GCC_PREFIX_HEADER = "$(SRCROOT)/HelloWorld/PrefixHeader.pch";
				INFOPLIST_FILE = HelloWorld/Info.plist;
				IPHONEOS_DEPLOYMENT_TARGET = 10.3;
				LD_RUNPATH_SEARCH_PATHS = "$(inherited) @executable_path/Frameworks";
				LIBRARY_SEARCH_PATHS = (
					"$(inherited)",
					"$(PROJECT_DIR)",
				);
				PRODUCT_BUNDLE_IDENTIFIER = Connect.HelloWorld;
				PRODUCT_NAME = "$(TARGET_NAME)";
			};
			name = Debug;
		};
		FC11267D1E5A7D5200927D14 /* Release */ = {
			isa = XCBuildConfiguration;
			buildSettings = {
				ASSETCATALOG_COMPILER_APPICON_NAME = AppIcon;
				DEVELOPMENT_TEAM = QK4DZM8X3G;
				ENABLE_BITCODE = NO;
				GCC_PRECOMPILE_PREFIX_HEADER = YES;
				GCC_PREFIX_HEADER = "$(SRCROOT)/HelloWorld/PrefixHeader.pch";
				INFOPLIST_FILE = HelloWorld/Info.plist;
				IPHONEOS_DEPLOYMENT_TARGET = 10.3;
				LD_RUNPATH_SEARCH_PATHS = "$(inherited) @executable_path/Frameworks";
				LIBRARY_SEARCH_PATHS = (
					"$(inherited)",
					"$(PROJECT_DIR)",
				);
				PRODUCT_BUNDLE_IDENTIFIER = Connect.HelloWorld;
				PRODUCT_NAME = "$(TARGET_NAME)";
			};
			name = Release;
		};
		FC11267F1E5A7D5200927D14 /* Debug */ = {
			isa = XCBuildConfiguration;
			buildSettings = {
				BUNDLE_LOADER = "$(TEST_HOST)";
				DEVELOPMENT_TEAM = XG6F2JN7GY;
				INFOPLIST_FILE = HelloWorldTests/Info.plist;
				LD_RUNPATH_SEARCH_PATHS = "$(inherited) @executable_path/Frameworks @loader_path/Frameworks";
				PRODUCT_BUNDLE_IDENTIFIER = Connect.HelloWorldTests;
				PRODUCT_NAME = "$(TARGET_NAME)";
				TEST_HOST = "$(BUILT_PRODUCTS_DIR)/HelloWorld.app/HelloWorld";
			};
			name = Debug;
		};
		FC1126801E5A7D5200927D14 /* Release */ = {
			isa = XCBuildConfiguration;
			buildSettings = {
				BUNDLE_LOADER = "$(TEST_HOST)";
				DEVELOPMENT_TEAM = XG6F2JN7GY;
				INFOPLIST_FILE = HelloWorldTests/Info.plist;
				LD_RUNPATH_SEARCH_PATHS = "$(inherited) @executable_path/Frameworks @loader_path/Frameworks";
				PRODUCT_BUNDLE_IDENTIFIER = Connect.HelloWorldTests;
				PRODUCT_NAME = "$(TARGET_NAME)";
				TEST_HOST = "$(BUILT_PRODUCTS_DIR)/HelloWorld.app/HelloWorld";
			};
			name = Release;
		};
		FC1126821E5A7D5200927D14 /* Debug */ = {
			isa = XCBuildConfiguration;
			buildSettings = {
				DEVELOPMENT_TEAM = XG6F2JN7GY;
				INFOPLIST_FILE = HelloWorldUITests/Info.plist;
				LD_RUNPATH_SEARCH_PATHS = "$(inherited) @executable_path/Frameworks @loader_path/Frameworks";
				PRODUCT_BUNDLE_IDENTIFIER = Connect.HelloWorldUITests;
				PRODUCT_NAME = "$(TARGET_NAME)";
				TEST_TARGET_NAME = HelloWorld;
			};
			name = Debug;
		};
		FC1126831E5A7D5200927D14 /* Release */ = {
			isa = XCBuildConfiguration;
			buildSettings = {
				DEVELOPMENT_TEAM = XG6F2JN7GY;
				INFOPLIST_FILE = HelloWorldUITests/Info.plist;
				LD_RUNPATH_SEARCH_PATHS = "$(inherited) @executable_path/Frameworks @loader_path/Frameworks";
				PRODUCT_BUNDLE_IDENTIFIER = Connect.HelloWorldUITests;
				PRODUCT_NAME = "$(TARGET_NAME)";
				TEST_TARGET_NAME = HelloWorld;
			};
			name = Release;
		};
/* End XCBuildConfiguration section */

/* Begin XCConfigurationList section */
		FC1126491E5A7D5100927D14 /* Build configuration list for PBXProject "HelloWorld" */ = {
			isa = XCConfigurationList;
			buildConfigurations = (
				FC1126791E5A7D5200927D14 /* Debug */,
				FC11267A1E5A7D5200927D14 /* Release */,
			);
			defaultConfigurationIsVisible = 0;
			defaultConfigurationName = Release;
		};
		FC11267B1E5A7D5200927D14 /* Build configuration list for PBXNativeTarget "HelloWorld" */ = {
			isa = XCConfigurationList;
			buildConfigurations = (
				FC11267C1E5A7D5200927D14 /* Debug */,
				FC11267D1E5A7D5200927D14 /* Release */,
			);
			defaultConfigurationIsVisible = 0;
			defaultConfigurationName = Release;
		};
		FC11267E1E5A7D5200927D14 /* Build configuration list for PBXNativeTarget "HelloWorldTests" */ = {
			isa = XCConfigurationList;
			buildConfigurations = (
				FC11267F1E5A7D5200927D14 /* Debug */,
				FC1126801E5A7D5200927D14 /* Release */,
			);
			defaultConfigurationIsVisible = 0;
			defaultConfigurationName = Release;
		};
		FC1126811E5A7D5200927D14 /* Build configuration list for PBXNativeTarget "HelloWorldUITests" */ = {
			isa = XCConfigurationList;
			buildConfigurations = (
				FC1126821E5A7D5200927D14 /* Debug */,
				FC1126831E5A7D5200927D14 /* Release */,
			);
			defaultConfigurationIsVisible = 0;
			defaultConfigurationName = Release;
		};
/* End XCConfigurationList section */
	};
	rootObject = FC1126461E5A7D5100927D14 /* Project object */;
}
